// !$*UTF8*$!
{
	archiveVersion = 1;
	classes = {
	};
	objectVersion = 46;
	objects = {

/* Begin PBXBuildFile section */
		469F4D1E1B749FEC00666A46 /* EZAudio.h in Headers */ = {isa = PBXBuildFile; fileRef = 469F4CFE1B749FEC00666A46 /* EZAudio.h */; settings = {ATTRIBUTES = (Public, ); }; };
		469F4D1F1B749FEC00666A46 /* EZAudio.m in Sources */ = {isa = PBXBuildFile; fileRef = 469F4CFF1B749FEC00666A46 /* EZAudio.m */; };
		469F4D201B749FEC00666A46 /* EZAudioDevice.h in Headers */ = {isa = PBXBuildFile; fileRef = 469F4D001B749FEC00666A46 /* EZAudioDevice.h */; settings = {ATTRIBUTES = (Public, ); }; };
		469F4D211B749FEC00666A46 /* EZAudioDevice.m in Sources */ = {isa = PBXBuildFile; fileRef = 469F4D011B749FEC00666A46 /* EZAudioDevice.m */; };
		469F4D221B749FEC00666A46 /* EZAudioDisplayLink.h in Headers */ = {isa = PBXBuildFile; fileRef = 469F4D021B749FEC00666A46 /* EZAudioDisplayLink.h */; settings = {ATTRIBUTES = (Public, ); }; };
		469F4D231B749FEC00666A46 /* EZAudioDisplayLink.m in Sources */ = {isa = PBXBuildFile; fileRef = 469F4D031B749FEC00666A46 /* EZAudioDisplayLink.m */; };
		469F4D241B749FEC00666A46 /* EZAudioFFT.h in Headers */ = {isa = PBXBuildFile; fileRef = 469F4D041B749FEC00666A46 /* EZAudioFFT.h */; settings = {ATTRIBUTES = (Public, ); }; };
		469F4D251B749FEC00666A46 /* EZAudioFFT.m in Sources */ = {isa = PBXBuildFile; fileRef = 469F4D051B749FEC00666A46 /* EZAudioFFT.m */; };
		469F4D261B749FEC00666A46 /* EZAudioFile.h in Headers */ = {isa = PBXBuildFile; fileRef = 469F4D061B749FEC00666A46 /* EZAudioFile.h */; settings = {ATTRIBUTES = (Public, ); }; };
		469F4D271B749FEC00666A46 /* EZAudioFile.m in Sources */ = {isa = PBXBuildFile; fileRef = 469F4D071B749FEC00666A46 /* EZAudioFile.m */; };
		469F4D281B749FEC00666A46 /* EZAudioFloatConverter.h in Headers */ = {isa = PBXBuildFile; fileRef = 469F4D081B749FEC00666A46 /* EZAudioFloatConverter.h */; settings = {ATTRIBUTES = (Public, ); }; };
		469F4D291B749FEC00666A46 /* EZAudioFloatConverter.m in Sources */ = {isa = PBXBuildFile; fileRef = 469F4D091B749FEC00666A46 /* EZAudioFloatConverter.m */; };
		469F4D2A1B749FEC00666A46 /* EZAudioFloatData.h in Headers */ = {isa = PBXBuildFile; fileRef = 469F4D0A1B749FEC00666A46 /* EZAudioFloatData.h */; settings = {ATTRIBUTES = (Public, ); }; };
		469F4D2B1B749FEC00666A46 /* EZAudioFloatData.m in Sources */ = {isa = PBXBuildFile; fileRef = 469F4D0B1B749FEC00666A46 /* EZAudioFloatData.m */; };
		469F4D2C1B749FEC00666A46 /* EZAudioPlayer.h in Headers */ = {isa = PBXBuildFile; fileRef = 469F4D0C1B749FEC00666A46 /* EZAudioPlayer.h */; settings = {ATTRIBUTES = (Public, ); }; };
		469F4D2D1B749FEC00666A46 /* EZAudioPlayer.m in Sources */ = {isa = PBXBuildFile; fileRef = 469F4D0D1B749FEC00666A46 /* EZAudioPlayer.m */; };
		469F4D2E1B749FEC00666A46 /* EZAudioPlot.h in Headers */ = {isa = PBXBuildFile; fileRef = 469F4D0E1B749FEC00666A46 /* EZAudioPlot.h */; settings = {ATTRIBUTES = (Public, ); }; };
		469F4D2F1B749FEC00666A46 /* EZAudioPlot.m in Sources */ = {isa = PBXBuildFile; fileRef = 469F4D0F1B749FEC00666A46 /* EZAudioPlot.m */; };
		469F4D301B749FEC00666A46 /* EZAudioPlotGL.h in Headers */ = {isa = PBXBuildFile; fileRef = 469F4D101B749FEC00666A46 /* EZAudioPlotGL.h */; settings = {ATTRIBUTES = (Public, ); }; };
		469F4D311B749FEC00666A46 /* EZAudioPlotGL.m in Sources */ = {isa = PBXBuildFile; fileRef = 469F4D111B749FEC00666A46 /* EZAudioPlotGL.m */; };
		469F4D321B749FEC00666A46 /* EZAudioUtilities.h in Headers */ = {isa = PBXBuildFile; fileRef = 469F4D121B749FEC00666A46 /* EZAudioUtilities.h */; settings = {ATTRIBUTES = (Public, ); }; };
		469F4D331B749FEC00666A46 /* EZAudioUtilities.m in Sources */ = {isa = PBXBuildFile; fileRef = 469F4D131B749FEC00666A46 /* EZAudioUtilities.m */; };
		469F4D341B749FEC00666A46 /* EZMicrophone.h in Headers */ = {isa = PBXBuildFile; fileRef = 469F4D141B749FEC00666A46 /* EZMicrophone.h */; settings = {ATTRIBUTES = (Public, ); }; };
		469F4D351B749FEC00666A46 /* EZMicrophone.m in Sources */ = {isa = PBXBuildFile; fileRef = 469F4D151B749FEC00666A46 /* EZMicrophone.m */; };
		469F4D361B749FEC00666A46 /* EZOutput.h in Headers */ = {isa = PBXBuildFile; fileRef = 469F4D161B749FEC00666A46 /* EZOutput.h */; settings = {ATTRIBUTES = (Public, ); }; };
		469F4D371B749FEC00666A46 /* EZOutput.m in Sources */ = {isa = PBXBuildFile; fileRef = 469F4D171B749FEC00666A46 /* EZOutput.m */; };
		469F4D381B749FEC00666A46 /* EZPlot.h in Headers */ = {isa = PBXBuildFile; fileRef = 469F4D181B749FEC00666A46 /* EZPlot.h */; settings = {ATTRIBUTES = (Public, ); }; };
		469F4D391B749FEC00666A46 /* EZPlot.m in Sources */ = {isa = PBXBuildFile; fileRef = 469F4D191B749FEC00666A46 /* EZPlot.m */; };
		469F4D3A1B749FEC00666A46 /* EZRecorder.h in Headers */ = {isa = PBXBuildFile; fileRef = 469F4D1A1B749FEC00666A46 /* EZRecorder.h */; settings = {ATTRIBUTES = (Public, ); }; };
		469F4D3B1B749FEC00666A46 /* EZRecorder.m in Sources */ = {isa = PBXBuildFile; fileRef = 469F4D1B1B749FEC00666A46 /* EZRecorder.m */; };
		469F4D3C1B749FEC00666A46 /* TPCircularBuffer.c in Sources */ = {isa = PBXBuildFile; fileRef = 469F4D1C1B749FEC00666A46 /* TPCircularBuffer.c */; };
		469F4D3D1B749FEC00666A46 /* TPCircularBuffer.h in Headers */ = {isa = PBXBuildFile; fileRef = 469F4D1D1B749FEC00666A46 /* TPCircularBuffer.h */; settings = {ATTRIBUTES = (Public, ); }; };
		8A5A4BB31BBBDD6D00A8A048 /* EZAudio.h in Headers */ = {isa = PBXBuildFile; fileRef = 469F4CFE1B749FEC00666A46 /* EZAudio.h */; settings = {ATTRIBUTES = (Public, ); }; };
		8A5A4BB41BBBDD6D00A8A048 /* EZAudioDevice.h in Headers */ = {isa = PBXBuildFile; fileRef = 469F4D001B749FEC00666A46 /* EZAudioDevice.h */; settings = {ATTRIBUTES = (Public, ); }; };
		8A5A4BB51BBBDD6D00A8A048 /* EZAudioDisplayLink.h in Headers */ = {isa = PBXBuildFile; fileRef = 469F4D021B749FEC00666A46 /* EZAudioDisplayLink.h */; settings = {ATTRIBUTES = (Public, ); }; };
		8A5A4BB61BBBDD6D00A8A048 /* EZAudioFFT.h in Headers */ = {isa = PBXBuildFile; fileRef = 469F4D041B749FEC00666A46 /* EZAudioFFT.h */; settings = {ATTRIBUTES = (Public, ); }; };
		8A5A4BB71BBBDD6D00A8A048 /* EZAudioFile.h in Headers */ = {isa = PBXBuildFile; fileRef = 469F4D061B749FEC00666A46 /* EZAudioFile.h */; settings = {ATTRIBUTES = (Public, ); }; };
		8A5A4BB81BBBDD6D00A8A048 /* EZAudioFloatConverter.h in Headers */ = {isa = PBXBuildFile; fileRef = 469F4D081B749FEC00666A46 /* EZAudioFloatConverter.h */; settings = {ATTRIBUTES = (Public, ); }; };
		8A5A4BB91BBBDD6D00A8A048 /* EZAudioFloatData.h in Headers */ = {isa = PBXBuildFile; fileRef = 469F4D0A1B749FEC00666A46 /* EZAudioFloatData.h */; settings = {ATTRIBUTES = (Public, ); }; };
		8A5A4BBA1BBBDD6D00A8A048 /* EZAudioPlayer.h in Headers */ = {isa = PBXBuildFile; fileRef = 469F4D0C1B749FEC00666A46 /* EZAudioPlayer.h */; settings = {ATTRIBUTES = (Public, ); }; };
		8A5A4BBB1BBBDD6D00A8A048 /* EZAudioPlot.h in Headers */ = {isa = PBXBuildFile; fileRef = 469F4D0E1B749FEC00666A46 /* EZAudioPlot.h */; settings = {ATTRIBUTES = (Public, ); }; };
		8A5A4BBC1BBBDD6D00A8A048 /* EZAudioPlotGL.h in Headers */ = {isa = PBXBuildFile; fileRef = 469F4D101B749FEC00666A46 /* EZAudioPlotGL.h */; settings = {ATTRIBUTES = (Public, ); }; };
		8A5A4BBD1BBBDD6D00A8A048 /* EZAudioUtilities.h in Headers */ = {isa = PBXBuildFile; fileRef = 469F4D121B749FEC00666A46 /* EZAudioUtilities.h */; settings = {ATTRIBUTES = (Public, ); }; };
		8A5A4BBE1BBBDD6D00A8A048 /* EZMicrophone.h in Headers */ = {isa = PBXBuildFile; fileRef = 469F4D141B749FEC00666A46 /* EZMicrophone.h */; settings = {ATTRIBUTES = (Public, ); }; };
		8A5A4BBF1BBBDD6D00A8A048 /* EZOutput.h in Headers */ = {isa = PBXBuildFile; fileRef = 469F4D161B749FEC00666A46 /* EZOutput.h */; settings = {ATTRIBUTES = (Public, ); }; };
		8A5A4BC01BBBDD6D00A8A048 /* EZPlot.h in Headers */ = {isa = PBXBuildFile; fileRef = 469F4D181B749FEC00666A46 /* EZPlot.h */; settings = {ATTRIBUTES = (Public, ); }; };
		8A5A4BC11BBBDD6D00A8A048 /* EZRecorder.h in Headers */ = {isa = PBXBuildFile; fileRef = 469F4D1A1B749FEC00666A46 /* EZRecorder.h */; settings = {ATTRIBUTES = (Public, ); }; };
		8A5A4BC21BBBDD6E00A8A048 /* TPCircularBuffer.h in Headers */ = {isa = PBXBuildFile; fileRef = 469F4D1D1B749FEC00666A46 /* TPCircularBuffer.h */; settings = {ATTRIBUTES = (Public, ); }; };
		8A5A4BC31BBBDD7E00A8A048 /* EZAudio.m in Sources */ = {isa = PBXBuildFile; fileRef = 469F4CFF1B749FEC00666A46 /* EZAudio.m */; };
		8A5A4BC41BBBDD7E00A8A048 /* EZAudioDevice.m in Sources */ = {isa = PBXBuildFile; fileRef = 469F4D011B749FEC00666A46 /* EZAudioDevice.m */; };
		8A5A4BC51BBBDD7E00A8A048 /* EZAudioDisplayLink.m in Sources */ = {isa = PBXBuildFile; fileRef = 469F4D031B749FEC00666A46 /* EZAudioDisplayLink.m */; };
		8A5A4BC61BBBDD7E00A8A048 /* EZAudioFFT.m in Sources */ = {isa = PBXBuildFile; fileRef = 469F4D051B749FEC00666A46 /* EZAudioFFT.m */; };
		8A5A4BC71BBBDD7E00A8A048 /* EZAudioFile.m in Sources */ = {isa = PBXBuildFile; fileRef = 469F4D071B749FEC00666A46 /* EZAudioFile.m */; };
		8A5A4BC81BBBDD7E00A8A048 /* EZAudioFloatConverter.m in Sources */ = {isa = PBXBuildFile; fileRef = 469F4D091B749FEC00666A46 /* EZAudioFloatConverter.m */; };
		8A5A4BC91BBBDD7E00A8A048 /* EZAudioFloatData.m in Sources */ = {isa = PBXBuildFile; fileRef = 469F4D0B1B749FEC00666A46 /* EZAudioFloatData.m */; };
		8A5A4BCA1BBBDD7E00A8A048 /* EZAudioPlayer.m in Sources */ = {isa = PBXBuildFile; fileRef = 469F4D0D1B749FEC00666A46 /* EZAudioPlayer.m */; };
		8A5A4BCB1BBBDD7E00A8A048 /* EZAudioPlot.m in Sources */ = {isa = PBXBuildFile; fileRef = 469F4D0F1B749FEC00666A46 /* EZAudioPlot.m */; };
		8A5A4BCC1BBBDD7E00A8A048 /* EZAudioPlotGL.m in Sources */ = {isa = PBXBuildFile; fileRef = 469F4D111B749FEC00666A46 /* EZAudioPlotGL.m */; };
		8A5A4BCD1BBBDD7E00A8A048 /* EZAudioUtilities.m in Sources */ = {isa = PBXBuildFile; fileRef = 469F4D131B749FEC00666A46 /* EZAudioUtilities.m */; };
		8A5A4BCE1BBBDD7E00A8A048 /* EZMicrophone.m in Sources */ = {isa = PBXBuildFile; fileRef = 469F4D151B749FEC00666A46 /* EZMicrophone.m */; };
		8A5A4BCF1BBBDD7E00A8A048 /* EZOutput.m in Sources */ = {isa = PBXBuildFile; fileRef = 469F4D171B749FEC00666A46 /* EZOutput.m */; };
		8A5A4BD01BBBDD7E00A8A048 /* EZPlot.m in Sources */ = {isa = PBXBuildFile; fileRef = 469F4D191B749FEC00666A46 /* EZPlot.m */; };
		8A5A4BD11BBBDD7E00A8A048 /* EZRecorder.m in Sources */ = {isa = PBXBuildFile; fileRef = 469F4D1B1B749FEC00666A46 /* EZRecorder.m */; };
		8A5A4BD21BBBDE2800A8A048 /* TPCircularBuffer.c in Sources */ = {isa = PBXBuildFile; fileRef = 469F4D1C1B749FEC00666A46 /* TPCircularBuffer.c */; };
		8A5A4BF31BBBFFA000A8A048 /* EZAudioOSX.h in Headers */ = {isa = PBXBuildFile; fileRef = 8A5A4BF11BBBFF5600A8A048 /* EZAudioOSX.h */; settings = {ATTRIBUTES = (Public, ); }; };
		8A5A4BF41BBC025600A8A048 /* EZAudioiOS.h in Headers */ = {isa = PBXBuildFile; fileRef = 8A5A4BEF1BBBFF0A00A8A048 /* EZAudioiOS.h */; settings = {ATTRIBUTES = (Public, ); }; };
/* End PBXBuildFile section */

/* Begin PBXFileReference section */
		469F4CF31B749F7800666A46 /* EZAudioiOS.framework */ = {isa = PBXFileReference; explicitFileType = wrapper.framework; includeInIndex = 0; path = EZAudioiOS.framework; sourceTree = BUILT_PRODUCTS_DIR; };
		469F4CF81B749F7800666A46 /* Info.plist */ = {isa = PBXFileReference; lastKnownFileType = text.plist.xml; path = Info.plist; sourceTree = "<group>"; };
		469F4CFE1B749FEC00666A46 /* EZAudio.h */ = {isa = PBXFileReference; fileEncoding = 4; lastKnownFileType = sourcecode.c.h; path = EZAudio.h; sourceTree = "<group>"; };
		469F4CFF1B749FEC00666A46 /* EZAudio.m */ = {isa = PBXFileReference; fileEncoding = 4; lastKnownFileType = sourcecode.c.objc; path = EZAudio.m; sourceTree = "<group>"; };
		469F4D001B749FEC00666A46 /* EZAudioDevice.h */ = {isa = PBXFileReference; fileEncoding = 4; lastKnownFileType = sourcecode.c.h; path = EZAudioDevice.h; sourceTree = "<group>"; };
		469F4D011B749FEC00666A46 /* EZAudioDevice.m */ = {isa = PBXFileReference; fileEncoding = 4; lastKnownFileType = sourcecode.c.objc; path = EZAudioDevice.m; sourceTree = "<group>"; };
		469F4D021B749FEC00666A46 /* EZAudioDisplayLink.h */ = {isa = PBXFileReference; fileEncoding = 4; lastKnownFileType = sourcecode.c.h; path = EZAudioDisplayLink.h; sourceTree = "<group>"; };
		469F4D031B749FEC00666A46 /* EZAudioDisplayLink.m */ = {isa = PBXFileReference; fileEncoding = 4; lastKnownFileType = sourcecode.c.objc; path = EZAudioDisplayLink.m; sourceTree = "<group>"; };
		469F4D041B749FEC00666A46 /* EZAudioFFT.h */ = {isa = PBXFileReference; fileEncoding = 4; lastKnownFileType = sourcecode.c.h; path = EZAudioFFT.h; sourceTree = "<group>"; };
		469F4D051B749FEC00666A46 /* EZAudioFFT.m */ = {isa = PBXFileReference; fileEncoding = 4; lastKnownFileType = sourcecode.c.objc; path = EZAudioFFT.m; sourceTree = "<group>"; };
		469F4D061B749FEC00666A46 /* EZAudioFile.h */ = {isa = PBXFileReference; fileEncoding = 4; lastKnownFileType = sourcecode.c.h; path = EZAudioFile.h; sourceTree = "<group>"; };
		469F4D071B749FEC00666A46 /* EZAudioFile.m */ = {isa = PBXFileReference; fileEncoding = 4; lastKnownFileType = sourcecode.c.objc; path = EZAudioFile.m; sourceTree = "<group>"; };
		469F4D081B749FEC00666A46 /* EZAudioFloatConverter.h */ = {isa = PBXFileReference; fileEncoding = 4; lastKnownFileType = sourcecode.c.h; path = EZAudioFloatConverter.h; sourceTree = "<group>"; };
		469F4D091B749FEC00666A46 /* EZAudioFloatConverter.m */ = {isa = PBXFileReference; fileEncoding = 4; lastKnownFileType = sourcecode.c.objc; path = EZAudioFloatConverter.m; sourceTree = "<group>"; };
		469F4D0A1B749FEC00666A46 /* EZAudioFloatData.h */ = {isa = PBXFileReference; fileEncoding = 4; lastKnownFileType = sourcecode.c.h; path = EZAudioFloatData.h; sourceTree = "<group>"; };
		469F4D0B1B749FEC00666A46 /* EZAudioFloatData.m */ = {isa = PBXFileReference; fileEncoding = 4; lastKnownFileType = sourcecode.c.objc; path = EZAudioFloatData.m; sourceTree = "<group>"; };
		469F4D0C1B749FEC00666A46 /* EZAudioPlayer.h */ = {isa = PBXFileReference; fileEncoding = 4; lastKnownFileType = sourcecode.c.h; path = EZAudioPlayer.h; sourceTree = "<group>"; };
		469F4D0D1B749FEC00666A46 /* EZAudioPlayer.m */ = {isa = PBXFileReference; fileEncoding = 4; lastKnownFileType = sourcecode.c.objc; path = EZAudioPlayer.m; sourceTree = "<group>"; };
		469F4D0E1B749FEC00666A46 /* EZAudioPlot.h */ = {isa = PBXFileReference; fileEncoding = 4; lastKnownFileType = sourcecode.c.h; path = EZAudioPlot.h; sourceTree = "<group>"; };
		469F4D0F1B749FEC00666A46 /* EZAudioPlot.m */ = {isa = PBXFileReference; fileEncoding = 4; lastKnownFileType = sourcecode.c.objc; path = EZAudioPlot.m; sourceTree = "<group>"; };
		469F4D101B749FEC00666A46 /* EZAudioPlotGL.h */ = {isa = PBXFileReference; fileEncoding = 4; lastKnownFileType = sourcecode.c.h; path = EZAudioPlotGL.h; sourceTree = "<group>"; };
		469F4D111B749FEC00666A46 /* EZAudioPlotGL.m */ = {isa = PBXFileReference; fileEncoding = 4; lastKnownFileType = sourcecode.c.objc; path = EZAudioPlotGL.m; sourceTree = "<group>"; };
		469F4D121B749FEC00666A46 /* EZAudioUtilities.h */ = {isa = PBXFileReference; fileEncoding = 4; lastKnownFileType = sourcecode.c.h; path = EZAudioUtilities.h; sourceTree = "<group>"; };
		469F4D131B749FEC00666A46 /* EZAudioUtilities.m */ = {isa = PBXFileReference; fileEncoding = 4; lastKnownFileType = sourcecode.c.objc; path = EZAudioUtilities.m; sourceTree = "<group>"; };
		469F4D141B749FEC00666A46 /* EZMicrophone.h */ = {isa = PBXFileReference; fileEncoding = 4; lastKnownFileType = sourcecode.c.h; path = EZMicrophone.h; sourceTree = "<group>"; };
		469F4D151B749FEC00666A46 /* EZMicrophone.m */ = {isa = PBXFileReference; fileEncoding = 4; lastKnownFileType = sourcecode.c.objc; path = EZMicrophone.m; sourceTree = "<group>"; };
		469F4D161B749FEC00666A46 /* EZOutput.h */ = {isa = PBXFileReference; fileEncoding = 4; lastKnownFileType = sourcecode.c.h; path = EZOutput.h; sourceTree = "<group>"; };
		469F4D171B749FEC00666A46 /* EZOutput.m */ = {isa = PBXFileReference; fileEncoding = 4; lastKnownFileType = sourcecode.c.objc; path = EZOutput.m; sourceTree = "<group>"; };
		469F4D181B749FEC00666A46 /* EZPlot.h */ = {isa = PBXFileReference; fileEncoding = 4; lastKnownFileType = sourcecode.c.h; path = EZPlot.h; sourceTree = "<group>"; };
		469F4D191B749FEC00666A46 /* EZPlot.m */ = {isa = PBXFileReference; fileEncoding = 4; lastKnownFileType = sourcecode.c.objc; path = EZPlot.m; sourceTree = "<group>"; };
		469F4D1A1B749FEC00666A46 /* EZRecorder.h */ = {isa = PBXFileReference; fileEncoding = 4; lastKnownFileType = sourcecode.c.h; path = EZRecorder.h; sourceTree = "<group>"; };
		469F4D1B1B749FEC00666A46 /* EZRecorder.m */ = {isa = PBXFileReference; fileEncoding = 4; lastKnownFileType = sourcecode.c.objc; path = EZRecorder.m; sourceTree = "<group>"; };
		469F4D1C1B749FEC00666A46 /* TPCircularBuffer.c */ = {isa = PBXFileReference; fileEncoding = 4; lastKnownFileType = sourcecode.c.c; path = TPCircularBuffer.c; sourceTree = "<group>"; };
		469F4D1D1B749FEC00666A46 /* TPCircularBuffer.h */ = {isa = PBXFileReference; fileEncoding = 4; lastKnownFileType = sourcecode.c.h; path = TPCircularBuffer.h; sourceTree = "<group>"; };
		8A5A4B9C1BBBDCB200A8A048 /* EZAudioOSX.framework */ = {isa = PBXFileReference; explicitFileType = wrapper.framework; includeInIndex = 0; path = EZAudioOSX.framework; sourceTree = BUILT_PRODUCTS_DIR; };
		8A5A4BEF1BBBFF0A00A8A048 /* EZAudioiOS.h */ = {isa = PBXFileReference; fileEncoding = 4; lastKnownFileType = sourcecode.c.h; path = EZAudioiOS.h; sourceTree = "<group>"; };
		8A5A4BF11BBBFF5600A8A048 /* EZAudioOSX.h */ = {isa = PBXFileReference; fileEncoding = 4; lastKnownFileType = sourcecode.c.h; path = EZAudioOSX.h; sourceTree = "<group>"; };
/* End PBXFileReference section */

/* Begin PBXFrameworksBuildPhase section */
		469F4CEF1B749F7800666A46 /* Frameworks */ = {
			isa = PBXFrameworksBuildPhase;
			buildActionMask = 2147483647;
			files = (
			);
			runOnlyForDeploymentPostprocessing = 0;
		};
		8A5A4B981BBBDCB200A8A048 /* Frameworks */ = {
			isa = PBXFrameworksBuildPhase;
			buildActionMask = 2147483647;
			files = (
			);
			runOnlyForDeploymentPostprocessing = 0;
		};
/* End PBXFrameworksBuildPhase section */

/* Begin PBXGroup section */
		469F4CE91B749F7800666A46 = {
			isa = PBXGroup;
			children = (
				469F4CF51B749F7800666A46 /* EZAudio */,
				469F4CF41B749F7800666A46 /* Products */,
			);
			sourceTree = "<group>";
		};
		469F4CF41B749F7800666A46 /* Products */ = {
			isa = PBXGroup;
			children = (
				469F4CF31B749F7800666A46 /* EZAudioiOS.framework */,
				8A5A4B9C1BBBDCB200A8A048 /* EZAudioOSX.framework */,
			);
			name = Products;
			sourceTree = "<group>";
		};
		469F4CF51B749F7800666A46 /* EZAudio */ = {
			isa = PBXGroup;
			children = (
				469F4CFE1B749FEC00666A46 /* EZAudio.h */,
				469F4CFF1B749FEC00666A46 /* EZAudio.m */,
				469F4D001B749FEC00666A46 /* EZAudioDevice.h */,
				469F4D011B749FEC00666A46 /* EZAudioDevice.m */,
				469F4D021B749FEC00666A46 /* EZAudioDisplayLink.h */,
				469F4D031B749FEC00666A46 /* EZAudioDisplayLink.m */,
				469F4D041B749FEC00666A46 /* EZAudioFFT.h */,
				469F4D051B749FEC00666A46 /* EZAudioFFT.m */,
				469F4D061B749FEC00666A46 /* EZAudioFile.h */,
				469F4D071B749FEC00666A46 /* EZAudioFile.m */,
				469F4D081B749FEC00666A46 /* EZAudioFloatConverter.h */,
				469F4D091B749FEC00666A46 /* EZAudioFloatConverter.m */,
				469F4D0A1B749FEC00666A46 /* EZAudioFloatData.h */,
				469F4D0B1B749FEC00666A46 /* EZAudioFloatData.m */,
				469F4D0C1B749FEC00666A46 /* EZAudioPlayer.h */,
				469F4D0D1B749FEC00666A46 /* EZAudioPlayer.m */,
				469F4D0E1B749FEC00666A46 /* EZAudioPlot.h */,
				469F4D0F1B749FEC00666A46 /* EZAudioPlot.m */,
				469F4D101B749FEC00666A46 /* EZAudioPlotGL.h */,
				469F4D111B749FEC00666A46 /* EZAudioPlotGL.m */,
				469F4D121B749FEC00666A46 /* EZAudioUtilities.h */,
				469F4D131B749FEC00666A46 /* EZAudioUtilities.m */,
				469F4D141B749FEC00666A46 /* EZMicrophone.h */,
				469F4D151B749FEC00666A46 /* EZMicrophone.m */,
				469F4D161B749FEC00666A46 /* EZOutput.h */,
				469F4D171B749FEC00666A46 /* EZOutput.m */,
				469F4D181B749FEC00666A46 /* EZPlot.h */,
				469F4D191B749FEC00666A46 /* EZPlot.m */,
				469F4D1A1B749FEC00666A46 /* EZRecorder.h */,
				469F4D1B1B749FEC00666A46 /* EZRecorder.m */,
				469F4D1C1B749FEC00666A46 /* TPCircularBuffer.c */,
				469F4D1D1B749FEC00666A46 /* TPCircularBuffer.h */,
				8A5A4BEF1BBBFF0A00A8A048 /* EZAudioiOS.h */,
				8A5A4BF11BBBFF5600A8A048 /* EZAudioOSX.h */,
				469F4D3E1B749FF000666A46 /* Supporting Files */,
			);
			path = EZAudio;
			sourceTree = "<group>";
		};
		469F4D3E1B749FF000666A46 /* Supporting Files */ = {
			isa = PBXGroup;
			children = (
				469F4CF81B749F7800666A46 /* Info.plist */,
			);
			name = "Supporting Files";
			sourceTree = "<group>";
		};
/* End PBXGroup section */

/* Begin PBXHeadersBuildPhase section */
		469F4CF01B749F7800666A46 /* Headers */ = {
			isa = PBXHeadersBuildPhase;
			buildActionMask = 2147483647;
			files = (
				8A5A4BF41BBC025600A8A048 /* EZAudioiOS.h in Headers */,
				469F4D301B749FEC00666A46 /* EZAudioPlotGL.h in Headers */,
				469F4D2A1B749FEC00666A46 /* EZAudioFloatData.h in Headers */,
				469F4D221B749FEC00666A46 /* EZAudioDisplayLink.h in Headers */,
				469F4D201B749FEC00666A46 /* EZAudioDevice.h in Headers */,
				469F4D2E1B749FEC00666A46 /* EZAudioPlot.h in Headers */,
				469F4D2C1B749FEC00666A46 /* EZAudioPlayer.h in Headers */,
				469F4D381B749FEC00666A46 /* EZPlot.h in Headers */,
				469F4D261B749FEC00666A46 /* EZAudioFile.h in Headers */,
				469F4D341B749FEC00666A46 /* EZMicrophone.h in Headers */,
				469F4D361B749FEC00666A46 /* EZOutput.h in Headers */,
				469F4D1E1B749FEC00666A46 /* EZAudio.h in Headers */,
				469F4D3D1B749FEC00666A46 /* TPCircularBuffer.h in Headers */,
				469F4D3A1B749FEC00666A46 /* EZRecorder.h in Headers */,
				469F4D321B749FEC00666A46 /* EZAudioUtilities.h in Headers */,
				469F4D281B749FEC00666A46 /* EZAudioFloatConverter.h in Headers */,
				469F4D241B749FEC00666A46 /* EZAudioFFT.h in Headers */,
			);
			runOnlyForDeploymentPostprocessing = 0;
		};
		8A5A4B991BBBDCB200A8A048 /* Headers */ = {
			isa = PBXHeadersBuildPhase;
			buildActionMask = 2147483647;
			files = (
				8A5A4BF31BBBFFA000A8A048 /* EZAudioOSX.h in Headers */,
				8A5A4BB31BBBDD6D00A8A048 /* EZAudio.h in Headers */,
				8A5A4BB41BBBDD6D00A8A048 /* EZAudioDevice.h in Headers */,
				8A5A4BB51BBBDD6D00A8A048 /* EZAudioDisplayLink.h in Headers */,
				8A5A4BB61BBBDD6D00A8A048 /* EZAudioFFT.h in Headers */,
				8A5A4BB71BBBDD6D00A8A048 /* EZAudioFile.h in Headers */,
				8A5A4BB81BBBDD6D00A8A048 /* EZAudioFloatConverter.h in Headers */,
				8A5A4BB91BBBDD6D00A8A048 /* EZAudioFloatData.h in Headers */,
				8A5A4BBA1BBBDD6D00A8A048 /* EZAudioPlayer.h in Headers */,
				8A5A4BBB1BBBDD6D00A8A048 /* EZAudioPlot.h in Headers */,
				8A5A4BBC1BBBDD6D00A8A048 /* EZAudioPlotGL.h in Headers */,
				8A5A4BBD1BBBDD6D00A8A048 /* EZAudioUtilities.h in Headers */,
				8A5A4BBE1BBBDD6D00A8A048 /* EZMicrophone.h in Headers */,
				8A5A4BBF1BBBDD6D00A8A048 /* EZOutput.h in Headers */,
				8A5A4BC01BBBDD6D00A8A048 /* EZPlot.h in Headers */,
				8A5A4BC11BBBDD6D00A8A048 /* EZRecorder.h in Headers */,
				8A5A4BC21BBBDD6E00A8A048 /* TPCircularBuffer.h in Headers */,
			);
			runOnlyForDeploymentPostprocessing = 0;
		};
/* End PBXHeadersBuildPhase section */

/* Begin PBXNativeTarget section */
		469F4CF21B749F7800666A46 /* EZAudioiOS */ = {
			isa = PBXNativeTarget;
			buildConfigurationList = 469F4CFB1B749F7800666A46 /* Build configuration list for PBXNativeTarget "EZAudioiOS" */;
			buildPhases = (
				469F4CEE1B749F7800666A46 /* Sources */,
				469F4CEF1B749F7800666A46 /* Frameworks */,
				469F4CF01B749F7800666A46 /* Headers */,
				469F4CF11B749F7800666A46 /* Resources */,
			);
			buildRules = (
			);
			dependencies = (
			);
			name = EZAudioiOS;
			productName = EZAudio;
			productReference = 469F4CF31B749F7800666A46 /* EZAudioiOS.framework */;
			productType = "com.apple.product-type.framework";
		};
		8A5A4B9B1BBBDCB200A8A048 /* EZAudioOSX */ = {
			isa = PBXNativeTarget;
			buildConfigurationList = 8A5A4BAD1BBBDCB200A8A048 /* Build configuration list for PBXNativeTarget "EZAudioOSX" */;
			buildPhases = (
				8A5A4B971BBBDCB200A8A048 /* Sources */,
				8A5A4B981BBBDCB200A8A048 /* Frameworks */,
				8A5A4B991BBBDCB200A8A048 /* Headers */,
				8A5A4B9A1BBBDCB200A8A048 /* Resources */,
			);
			buildRules = (
			);
			dependencies = (
			);
			name = EZAudioOSX;
			productName = EZAudioOSX;
			productReference = 8A5A4B9C1BBBDCB200A8A048 /* EZAudioOSX.framework */;
			productType = "com.apple.product-type.framework";
		};
/* End PBXNativeTarget section */

/* Begin PBXProject section */
		469F4CEA1B749F7800666A46 /* Project object */ = {
			isa = PBXProject;
			attributes = {
				LastUpgradeCheck = 0700;
				ORGANIZATIONNAME = "Andrew Breckenridge";
				TargetAttributes = {
					469F4CF21B749F7800666A46 = {
						CreatedOnToolsVersion = 7.0;
					};
					8A5A4B9B1BBBDCB200A8A048 = {
						CreatedOnToolsVersion = 7.0;
					};
				};
			};
			buildConfigurationList = 469F4CED1B749F7800666A46 /* Build configuration list for PBXProject "EZAudio" */;
			compatibilityVersion = "Xcode 3.2";
			developmentRegion = English;
			hasScannedForEncodings = 0;
			knownRegions = (
				en,
			);
			mainGroup = 469F4CE91B749F7800666A46;
			productRefGroup = 469F4CF41B749F7800666A46 /* Products */;
			projectDirPath = "";
			projectRoot = "";
			targets = (
				469F4CF21B749F7800666A46 /* EZAudioiOS */,
				8A5A4B9B1BBBDCB200A8A048 /* EZAudioOSX */,
			);
		};
/* End PBXProject section */

/* Begin PBXResourcesBuildPhase section */
		469F4CF11B749F7800666A46 /* Resources */ = {
			isa = PBXResourcesBuildPhase;
			buildActionMask = 2147483647;
			files = (
			);
			runOnlyForDeploymentPostprocessing = 0;
		};
		8A5A4B9A1BBBDCB200A8A048 /* Resources */ = {
			isa = PBXResourcesBuildPhase;
			buildActionMask = 2147483647;
			files = (
			);
			runOnlyForDeploymentPostprocessing = 0;
		};
/* End PBXResourcesBuildPhase section */

/* Begin PBXSourcesBuildPhase section */
		469F4CEE1B749F7800666A46 /* Sources */ = {
			isa = PBXSourcesBuildPhase;
			buildActionMask = 2147483647;
			files = (
				469F4D2F1B749FEC00666A46 /* EZAudioPlot.m in Sources */,
				469F4D2D1B749FEC00666A46 /* EZAudioPlayer.m in Sources */,
				469F4D251B749FEC00666A46 /* EZAudioFFT.m in Sources */,
				469F4D391B749FEC00666A46 /* EZPlot.m in Sources */,
				469F4D291B749FEC00666A46 /* EZAudioFloatConverter.m in Sources */,
				469F4D1F1B749FEC00666A46 /* EZAudio.m in Sources */,
				469F4D3C1B749FEC00666A46 /* TPCircularBuffer.c in Sources */,
				469F4D3B1B749FEC00666A46 /* EZRecorder.m in Sources */,
				469F4D311B749FEC00666A46 /* EZAudioPlotGL.m in Sources */,
				469F4D331B749FEC00666A46 /* EZAudioUtilities.m in Sources */,
				469F4D2B1B749FEC00666A46 /* EZAudioFloatData.m in Sources */,
				469F4D351B749FEC00666A46 /* EZMicrophone.m in Sources */,
				469F4D271B749FEC00666A46 /* EZAudioFile.m in Sources */,
				469F4D231B749FEC00666A46 /* EZAudioDisplayLink.m in Sources */,
				469F4D371B749FEC00666A46 /* EZOutput.m in Sources */,
				469F4D211B749FEC00666A46 /* EZAudioDevice.m in Sources */,
			);
			runOnlyForDeploymentPostprocessing = 0;
		};
		8A5A4B971BBBDCB200A8A048 /* Sources */ = {
			isa = PBXSourcesBuildPhase;
			buildActionMask = 2147483647;
			files = (
				8A5A4BD21BBBDE2800A8A048 /* TPCircularBuffer.c in Sources */,
				8A5A4BC31BBBDD7E00A8A048 /* EZAudio.m in Sources */,
				8A5A4BC41BBBDD7E00A8A048 /* EZAudioDevice.m in Sources */,
				8A5A4BC51BBBDD7E00A8A048 /* EZAudioDisplayLink.m in Sources */,
				8A5A4BC61BBBDD7E00A8A048 /* EZAudioFFT.m in Sources */,
				8A5A4BC71BBBDD7E00A8A048 /* EZAudioFile.m in Sources */,
				8A5A4BC81BBBDD7E00A8A048 /* EZAudioFloatConverter.m in Sources */,
				8A5A4BC91BBBDD7E00A8A048 /* EZAudioFloatData.m in Sources */,
				8A5A4BCA1BBBDD7E00A8A048 /* EZAudioPlayer.m in Sources */,
				8A5A4BCB1BBBDD7E00A8A048 /* EZAudioPlot.m in Sources */,
				8A5A4BCC1BBBDD7E00A8A048 /* EZAudioPlotGL.m in Sources */,
				8A5A4BCD1BBBDD7E00A8A048 /* EZAudioUtilities.m in Sources */,
				8A5A4BCE1BBBDD7E00A8A048 /* EZMicrophone.m in Sources */,
				8A5A4BCF1BBBDD7E00A8A048 /* EZOutput.m in Sources */,
				8A5A4BD01BBBDD7E00A8A048 /* EZPlot.m in Sources */,
				8A5A4BD11BBBDD7E00A8A048 /* EZRecorder.m in Sources */,
			);
			runOnlyForDeploymentPostprocessing = 0;
		};
/* End PBXSourcesBuildPhase section */

/* Begin XCBuildConfiguration section */
		469F4CF91B749F7800666A46 /* Debug */ = {
			isa = XCBuildConfiguration;
			buildSettings = {
				ALWAYS_SEARCH_USER_PATHS = NO;
				CLANG_CXX_LANGUAGE_STANDARD = "gnu++0x";
				CLANG_CXX_LIBRARY = "libc++";
				CLANG_ENABLE_MODULES = YES;
				CLANG_ENABLE_OBJC_ARC = YES;
				CLANG_WARN_BOOL_CONVERSION = YES;
				CLANG_WARN_CONSTANT_CONVERSION = YES;
				CLANG_WARN_DIRECT_OBJC_ISA_USAGE = YES_ERROR;
				CLANG_WARN_EMPTY_BODY = YES;
				CLANG_WARN_ENUM_CONVERSION = YES;
				CLANG_WARN_INT_CONVERSION = YES;
				CLANG_WARN_OBJC_ROOT_CLASS = YES_ERROR;
				CLANG_WARN_UNREACHABLE_CODE = YES;
				CLANG_WARN__DUPLICATE_METHOD_MATCH = YES;
				"CODE_SIGN_IDENTITY[sdk=iphoneos*]" = "iPhone Developer";
				COPY_PHASE_STRIP = NO;
				CURRENT_PROJECT_VERSION = 1;
				DEBUG_INFORMATION_FORMAT = dwarf;
				ENABLE_STRICT_OBJC_MSGSEND = YES;
				ENABLE_TESTABILITY = YES;
				GCC_C_LANGUAGE_STANDARD = gnu99;
				GCC_DYNAMIC_NO_PIC = NO;
				GCC_NO_COMMON_BLOCKS = YES;
				GCC_OPTIMIZATION_LEVEL = 0;
				GCC_PREPROCESSOR_DEFINITIONS = (
					"DEBUG=1",
					"$(inherited)",
				);
				GCC_WARN_64_TO_32_BIT_CONVERSION = YES;
				GCC_WARN_ABOUT_RETURN_TYPE = YES_ERROR;
				GCC_WARN_UNDECLARED_SELECTOR = YES;
				GCC_WARN_UNINITIALIZED_AUTOS = YES_AGGRESSIVE;
				GCC_WARN_UNUSED_FUNCTION = YES;
				GCC_WARN_UNUSED_VARIABLE = YES;
				IPHONEOS_DEPLOYMENT_TARGET = 8.0;
				MTL_ENABLE_DEBUG_INFO = YES;
				ONLY_ACTIVE_ARCH = YES;
				SDKROOT = iphoneos;
				TARGETED_DEVICE_FAMILY = "1,2";
				VERSIONING_SYSTEM = "apple-generic";
				VERSION_INFO_PREFIX = "";
			};
			name = Debug;
		};
		469F4CFA1B749F7800666A46 /* Release */ = {
			isa = XCBuildConfiguration;
			buildSettings = {
				ALWAYS_SEARCH_USER_PATHS = NO;
				CLANG_CXX_LANGUAGE_STANDARD = "gnu++0x";
				CLANG_CXX_LIBRARY = "libc++";
				CLANG_ENABLE_MODULES = YES;
				CLANG_ENABLE_OBJC_ARC = YES;
				CLANG_WARN_BOOL_CONVERSION = YES;
				CLANG_WARN_CONSTANT_CONVERSION = YES;
				CLANG_WARN_DIRECT_OBJC_ISA_USAGE = YES_ERROR;
				CLANG_WARN_EMPTY_BODY = YES;
				CLANG_WARN_ENUM_CONVERSION = YES;
				CLANG_WARN_INT_CONVERSION = YES;
				CLANG_WARN_OBJC_ROOT_CLASS = YES_ERROR;
				CLANG_WARN_UNREACHABLE_CODE = YES;
				CLANG_WARN__DUPLICATE_METHOD_MATCH = YES;
				"CODE_SIGN_IDENTITY[sdk=iphoneos*]" = "iPhone Developer";
				COPY_PHASE_STRIP = NO;
				CURRENT_PROJECT_VERSION = 1;
				DEBUG_INFORMATION_FORMAT = "dwarf-with-dsym";
				ENABLE_NS_ASSERTIONS = NO;
				ENABLE_STRICT_OBJC_MSGSEND = YES;
				GCC_C_LANGUAGE_STANDARD = gnu99;
				GCC_NO_COMMON_BLOCKS = YES;
				GCC_WARN_64_TO_32_BIT_CONVERSION = YES;
				GCC_WARN_ABOUT_RETURN_TYPE = YES_ERROR;
				GCC_WARN_UNDECLARED_SELECTOR = YES;
				GCC_WARN_UNINITIALIZED_AUTOS = YES_AGGRESSIVE;
				GCC_WARN_UNUSED_FUNCTION = YES;
				GCC_WARN_UNUSED_VARIABLE = YES;
				IPHONEOS_DEPLOYMENT_TARGET = 8.0;
				MTL_ENABLE_DEBUG_INFO = NO;
				SDKROOT = iphoneos;
				TARGETED_DEVICE_FAMILY = "1,2";
				VALIDATE_PRODUCT = YES;
				VERSIONING_SYSTEM = "apple-generic";
				VERSION_INFO_PREFIX = "";
			};
			name = Release;
		};
		469F4CFC1B749F7800666A46 /* Debug */ = {
			isa = XCBuildConfiguration;
			buildSettings = {
				DEFINES_MODULE = YES;
				DYLIB_COMPATIBILITY_VERSION = 1;
				DYLIB_CURRENT_VERSION = 1;
				DYLIB_INSTALL_NAME_BASE = "@rpath";
				INFOPLIST_FILE = EZAudio/Info.plist;
				INSTALL_PATH = "$(LOCAL_LIBRARY_DIR)/Frameworks";
				LD_RUNPATH_SEARCH_PATHS = "$(inherited) @executable_path/Frameworks @loader_path/Frameworks";
				PRODUCT_BUNDLE_IDENTIFIER = ezaudio.EZAudioiOS;
				PRODUCT_NAME = "$(TARGET_NAME)";
				SKIP_INSTALL = YES;
			};
			name = Debug;
		};
		469F4CFD1B749F7800666A46 /* Release */ = {
			isa = XCBuildConfiguration;
			buildSettings = {
				DEFINES_MODULE = YES;
				DYLIB_COMPATIBILITY_VERSION = 1;
				DYLIB_CURRENT_VERSION = 1;
				DYLIB_INSTALL_NAME_BASE = "@rpath";
				INFOPLIST_FILE = EZAudio/Info.plist;
				INSTALL_PATH = "$(LOCAL_LIBRARY_DIR)/Frameworks";
				LD_RUNPATH_SEARCH_PATHS = "$(inherited) @executable_path/Frameworks @loader_path/Frameworks";
				PRODUCT_BUNDLE_IDENTIFIER = ezaudio.EZAudioiOS;
				PRODUCT_NAME = "$(TARGET_NAME)";
				SKIP_INSTALL = YES;
			};
			name = Release;
		};
		8A5A4BAE1BBBDCB200A8A048 /* Debug */ = {
			isa = XCBuildConfiguration;
			buildSettings = {
				COMBINE_HIDPI_IMAGES = YES;
				DEFINES_MODULE = YES;
				DYLIB_COMPATIBILITY_VERSION = 1;
				DYLIB_CURRENT_VERSION = 1;
				DYLIB_INSTALL_NAME_BASE = "@rpath";
				FRAMEWORK_VERSION = A;
				INFOPLIST_FILE = "$(SRCROOT)/EZAudio/Info.plist";
				INSTALL_PATH = "$(LOCAL_LIBRARY_DIR)/Frameworks";
				LD_RUNPATH_SEARCH_PATHS = "$(inherited) @executable_path/../Frameworks @loader_path/Frameworks";
				MACOSX_DEPLOYMENT_TARGET = 10.8;
				PRODUCT_BUNDLE_IDENTIFIER = ezaudio.EZAudioOSX;
				PRODUCT_NAME = "$(TARGET_NAME)";
				SDKROOT = macosx;
				SKIP_INSTALL = YES;
			};
			name = Debug;
		};
		8A5A4BAF1BBBDCB200A8A048 /* Release */ = {
			isa = XCBuildConfiguration;
			buildSettings = {
				COMBINE_HIDPI_IMAGES = YES;
				DEFINES_MODULE = YES;
				DYLIB_COMPATIBILITY_VERSION = 1;
				DYLIB_CURRENT_VERSION = 1;
				DYLIB_INSTALL_NAME_BASE = "@rpath";
				FRAMEWORK_VERSION = A;
				INFOPLIST_FILE = "$(SRCROOT)/EZAudio/Info.plist";
				INSTALL_PATH = "$(LOCAL_LIBRARY_DIR)/Frameworks";
				LD_RUNPATH_SEARCH_PATHS = "$(inherited) @executable_path/../Frameworks @loader_path/Frameworks";
				MACOSX_DEPLOYMENT_TARGET = 10.8;
				PRODUCT_BUNDLE_IDENTIFIER = ezaudio.EZAudioOSX;
				PRODUCT_NAME = "$(TARGET_NAME)";
				SDKROOT = macosx;
				SKIP_INSTALL = YES;
			};
			name = Release;
		};
/* End XCBuildConfiguration section */

/* Begin XCConfigurationList section */
		469F4CED1B749F7800666A46 /* Build configuration list for PBXProject "EZAudio" */ = {
			isa = XCConfigurationList;
			buildConfigurations = (
				469F4CF91B749F7800666A46 /* Debug */,
				469F4CFA1B749F7800666A46 /* Release */,
			);
			defaultConfigurationIsVisible = 0;
			defaultConfigurationName = Release;
		};
		469F4CFB1B749F7800666A46 /* Build configuration list for PBXNativeTarget "EZAudioiOS" */ = {
			isa = XCConfigurationList;
			buildConfigurations = (
				469F4CFC1B749F7800666A46 /* Debug */,
				469F4CFD1B749F7800666A46 /* Release */,
			);
			defaultConfigurationIsVisible = 0;
			defaultConfigurationName = Release;
		};
		8A5A4BAD1BBBDCB200A8A048 /* Build configuration list for PBXNativeTarget "EZAudioOSX" */ = {
			isa = XCConfigurationList;
			buildConfigurations = (
				8A5A4BAE1BBBDCB200A8A048 /* Debug */,
				8A5A4BAF1BBBDCB200A8A048 /* Release */,
			);
			defaultConfigurationIsVisible = 0;
		};
/* End XCConfigurationList section */
	};
	rootObject = 469F4CEA1B749F7800666A46 /* Project object */;
}
