// !$*UTF8*$!
{
	archiveVersion = 1;
	classes = {
	};
	objectVersion = 46;
	objects = {

/* Begin PBXBuildFile section */
		6628E0D41B39D8CB00020E56 /* AEFloatConverter.m in Sources */ = {isa = PBXBuildFile; fileRef = 6628E0B21B39D8CB00020E56 /* AEFloatConverter.m */; };
		6628E0D51B39D8CB00020E56 /* EZAudio.m in Sources */ = {isa = PBXBuildFile; fileRef = 6628E0B41B39D8CB00020E56 /* EZAudio.m */; };
		6628E0D61B39D8CB00020E56 /* EZAudioDevice.m in Sources */ = {isa = PBXBuildFile; fileRef = 6628E0B61B39D8CB00020E56 /* EZAudioDevice.m */; };
		6628E0D71B39D8CB00020E56 /* EZAudioFile.m in Sources */ = {isa = PBXBuildFile; fileRef = 6628E0B81B39D8CB00020E56 /* EZAudioFile.m */; };
		6628E0D81B39D8CB00020E56 /* EZAudioFloatConverter.m in Sources */ = {isa = PBXBuildFile; fileRef = 6628E0BA1B39D8CB00020E56 /* EZAudioFloatConverter.m */; };
		6628E0D91B39D8CB00020E56 /* EZAudioFloatData.m in Sources */ = {isa = PBXBuildFile; fileRef = 6628E0BC1B39D8CB00020E56 /* EZAudioFloatData.m */; };
		6628E0DA1B39D8CB00020E56 /* EZAudioPlayer.m in Sources */ = {isa = PBXBuildFile; fileRef = 6628E0BE1B39D8CB00020E56 /* EZAudioPlayer.m */; };
		6628E0DB1B39D8CB00020E56 /* EZAudioPlot.m in Sources */ = {isa = PBXBuildFile; fileRef = 6628E0C01B39D8CB00020E56 /* EZAudioPlot.m */; };
		6628E0DC1B39D8CB00020E56 /* EZAudioPlotGL.m in Sources */ = {isa = PBXBuildFile; fileRef = 6628E0C21B39D8CB00020E56 /* EZAudioPlotGL.m */; };
		6628E0DD1B39D8CB00020E56 /* EZAudioPlotGLKViewController.m in Sources */ = {isa = PBXBuildFile; fileRef = 6628E0C41B39D8CB00020E56 /* EZAudioPlotGLKViewController.m */; };
		6628E0DE1B39D8CB00020E56 /* EZAudioUtilities.m in Sources */ = {isa = PBXBuildFile; fileRef = 6628E0C61B39D8CB00020E56 /* EZAudioUtilities.m */; };
		6628E0DF1B39D8CB00020E56 /* EZMicrophone.m in Sources */ = {isa = PBXBuildFile; fileRef = 6628E0C81B39D8CB00020E56 /* EZMicrophone.m */; };
		6628E0E01B39D8CB00020E56 /* EZOutput.m in Sources */ = {isa = PBXBuildFile; fileRef = 6628E0CA1B39D8CB00020E56 /* EZOutput.m */; };
		6628E0E11B39D8CB00020E56 /* EZPlot.m in Sources */ = {isa = PBXBuildFile; fileRef = 6628E0CC1B39D8CB00020E56 /* EZPlot.m */; };
		6628E0E21B39D8CB00020E56 /* EZRecorder.m in Sources */ = {isa = PBXBuildFile; fileRef = 6628E0CE1B39D8CB00020E56 /* EZRecorder.m */; };
		6628E0E31B39D8CB00020E56 /* TPCircularBuffer.c in Sources */ = {isa = PBXBuildFile; fileRef = 6628E0CF1B39D8CB00020E56 /* TPCircularBuffer.c */; };
		6628E0E41B39D8CB00020E56 /* CHANGELOG in Resources */ = {isa = PBXBuildFile; fileRef = 6628E0D21B39D8CB00020E56 /* CHANGELOG */; };
		6628E0E51B39D8CB00020E56 /* VERSION in Resources */ = {isa = PBXBuildFile; fileRef = 6628E0D31B39D8CB00020E56 /* VERSION */; };
		66DB85831B0430E70018EFC5 /* MainStoryboard.storyboard in Resources */ = {isa = PBXBuildFile; fileRef = 66DB85821B0430E70018EFC5 /* MainStoryboard.storyboard */; };
		94056F7E185E593500EB94BA /* Foundation.framework in Frameworks */ = {isa = PBXBuildFile; fileRef = 94056F7D185E593500EB94BA /* Foundation.framework */; };
		94056F80185E593500EB94BA /* CoreGraphics.framework in Frameworks */ = {isa = PBXBuildFile; fileRef = 94056F7F185E593500EB94BA /* CoreGraphics.framework */; };
		94056F82185E593500EB94BA /* UIKit.framework in Frameworks */ = {isa = PBXBuildFile; fileRef = 94056F81185E593500EB94BA /* UIKit.framework */; };
		94056F88185E593500EB94BA /* InfoPlist.strings in Resources */ = {isa = PBXBuildFile; fileRef = 94056F86185E593500EB94BA /* InfoPlist.strings */; };
		94056F8A185E593500EB94BA /* main.m in Sources */ = {isa = PBXBuildFile; fileRef = 94056F89185E593500EB94BA /* main.m */; };
		94056F8E185E593500EB94BA /* AppDelegate.m in Sources */ = {isa = PBXBuildFile; fileRef = 94056F8D185E593500EB94BA /* AppDelegate.m */; };
		94056F99185E593500EB94BA /* Images.xcassets in Resources */ = {isa = PBXBuildFile; fileRef = 94056F98185E593500EB94BA /* Images.xcassets */; };
		94056FA0185E593500EB94BA /* XCTest.framework in Frameworks */ = {isa = PBXBuildFile; fileRef = 94056F9F185E593500EB94BA /* XCTest.framework */; };
		94056FA1185E593500EB94BA /* Foundation.framework in Frameworks */ = {isa = PBXBuildFile; fileRef = 94056F7D185E593500EB94BA /* Foundation.framework */; };
		94056FA2185E593500EB94BA /* UIKit.framework in Frameworks */ = {isa = PBXBuildFile; fileRef = 94056F81185E593500EB94BA /* UIKit.framework */; };
		94056FAA185E593500EB94BA /* InfoPlist.strings in Resources */ = {isa = PBXBuildFile; fileRef = 94056FA8185E593500EB94BA /* InfoPlist.strings */; };
		94056FAC185E593500EB94BA /* EZAudioCoreGraphicsWaveformExampleTests.m in Sources */ = {isa = PBXBuildFile; fileRef = 94056FAB185E593500EB94BA /* EZAudioCoreGraphicsWaveformExampleTests.m */; };
		94056FDE185E59D900EB94BA /* CoreGraphicsWaveformViewController.m in Sources */ = {isa = PBXBuildFile; fileRef = 94056FDD185E59D900EB94BA /* CoreGraphicsWaveformViewController.m */; };
		94057024185E612100EB94BA /* AudioToolbox.framework in Frameworks */ = {isa = PBXBuildFile; fileRef = 94057023185E612000EB94BA /* AudioToolbox.framework */; };
		94057026185E612A00EB94BA /* GLKit.framework in Frameworks */ = {isa = PBXBuildFile; fileRef = 94057025185E612A00EB94BA /* GLKit.framework */; };
		94FBB77318B15690007CAE45 /* AVFoundation.framework in Frameworks */ = {isa = PBXBuildFile; fileRef = 94FBB77218B15690007CAE45 /* AVFoundation.framework */; };
/* End PBXBuildFile section */

/* Begin PBXContainerItemProxy section */
		94056FA3185E593500EB94BA /* PBXContainerItemProxy */ = {
			isa = PBXContainerItemProxy;
			containerPortal = 94056F72185E593500EB94BA /* Project object */;
			proxyType = 1;
			remoteGlobalIDString = 94056F79185E593500EB94BA;
			remoteInfo = EZAudioCoreGraphicsWaveformExample;
		};
/* End PBXContainerItemProxy section */

/* Begin PBXFileReference section */
		6628E0B11B39D8CB00020E56 /* AEFloatConverter.h */ = {isa = PBXFileReference; fileEncoding = 4; lastKnownFileType = sourcecode.c.h; path = AEFloatConverter.h; sourceTree = "<group>"; };
		6628E0B21B39D8CB00020E56 /* AEFloatConverter.m */ = {isa = PBXFileReference; fileEncoding = 4; lastKnownFileType = sourcecode.c.objc; path = AEFloatConverter.m; sourceTree = "<group>"; };
		6628E0B31B39D8CB00020E56 /* EZAudio.h */ = {isa = PBXFileReference; fileEncoding = 4; lastKnownFileType = sourcecode.c.h; path = EZAudio.h; sourceTree = "<group>"; };
		6628E0B41B39D8CB00020E56 /* EZAudio.m */ = {isa = PBXFileReference; fileEncoding = 4; lastKnownFileType = sourcecode.c.objc; path = EZAudio.m; sourceTree = "<group>"; };
		6628E0B51B39D8CB00020E56 /* EZAudioDevice.h */ = {isa = PBXFileReference; fileEncoding = 4; lastKnownFileType = sourcecode.c.h; path = EZAudioDevice.h; sourceTree = "<group>"; };
		6628E0B61B39D8CB00020E56 /* EZAudioDevice.m */ = {isa = PBXFileReference; fileEncoding = 4; lastKnownFileType = sourcecode.c.objc; path = EZAudioDevice.m; sourceTree = "<group>"; };
		6628E0B71B39D8CB00020E56 /* EZAudioFile.h */ = {isa = PBXFileReference; fileEncoding = 4; lastKnownFileType = sourcecode.c.h; path = EZAudioFile.h; sourceTree = "<group>"; };
		6628E0B81B39D8CB00020E56 /* EZAudioFile.m */ = {isa = PBXFileReference; fileEncoding = 4; lastKnownFileType = sourcecode.c.objc; path = EZAudioFile.m; sourceTree = "<group>"; };
		6628E0B91B39D8CB00020E56 /* EZAudioFloatConverter.h */ = {isa = PBXFileReference; fileEncoding = 4; lastKnownFileType = sourcecode.c.h; path = EZAudioFloatConverter.h; sourceTree = "<group>"; };
		6628E0BA1B39D8CB00020E56 /* EZAudioFloatConverter.m */ = {isa = PBXFileReference; fileEncoding = 4; lastKnownFileType = sourcecode.c.objc; path = EZAudioFloatConverter.m; sourceTree = "<group>"; };
		6628E0BB1B39D8CB00020E56 /* EZAudioFloatData.h */ = {isa = PBXFileReference; fileEncoding = 4; lastKnownFileType = sourcecode.c.h; path = EZAudioFloatData.h; sourceTree = "<group>"; };
		6628E0BC1B39D8CB00020E56 /* EZAudioFloatData.m */ = {isa = PBXFileReference; fileEncoding = 4; lastKnownFileType = sourcecode.c.objc; path = EZAudioFloatData.m; sourceTree = "<group>"; };
		6628E0BD1B39D8CB00020E56 /* EZAudioPlayer.h */ = {isa = PBXFileReference; fileEncoding = 4; lastKnownFileType = sourcecode.c.h; path = EZAudioPlayer.h; sourceTree = "<group>"; };
		6628E0BE1B39D8CB00020E56 /* EZAudioPlayer.m */ = {isa = PBXFileReference; fileEncoding = 4; lastKnownFileType = sourcecode.c.objc; path = EZAudioPlayer.m; sourceTree = "<group>"; };
		6628E0BF1B39D8CB00020E56 /* EZAudioPlot.h */ = {isa = PBXFileReference; fileEncoding = 4; lastKnownFileType = sourcecode.c.h; path = EZAudioPlot.h; sourceTree = "<group>"; };
		6628E0C01B39D8CB00020E56 /* EZAudioPlot.m */ = {isa = PBXFileReference; fileEncoding = 4; lastKnownFileType = sourcecode.c.objc; path = EZAudioPlot.m; sourceTree = "<group>"; };
		6628E0C11B39D8CB00020E56 /* EZAudioPlotGL.h */ = {isa = PBXFileReference; fileEncoding = 4; lastKnownFileType = sourcecode.c.h; path = EZAudioPlotGL.h; sourceTree = "<group>"; };
		6628E0C21B39D8CB00020E56 /* EZAudioPlotGL.m */ = {isa = PBXFileReference; fileEncoding = 4; lastKnownFileType = sourcecode.c.objc; path = EZAudioPlotGL.m; sourceTree = "<group>"; };
		6628E0C31B39D8CB00020E56 /* EZAudioPlotGLKViewController.h */ = {isa = PBXFileReference; fileEncoding = 4; lastKnownFileType = sourcecode.c.h; path = EZAudioPlotGLKViewController.h; sourceTree = "<group>"; };
		6628E0C41B39D8CB00020E56 /* EZAudioPlotGLKViewController.m */ = {isa = PBXFileReference; fileEncoding = 4; lastKnownFileType = sourcecode.c.objc; path = EZAudioPlotGLKViewController.m; sourceTree = "<group>"; };
		6628E0C51B39D8CB00020E56 /* EZAudioUtilities.h */ = {isa = PBXFileReference; fileEncoding = 4; lastKnownFileType = sourcecode.c.h; path = EZAudioUtilities.h; sourceTree = "<group>"; };
		6628E0C61B39D8CB00020E56 /* EZAudioUtilities.m */ = {isa = PBXFileReference; fileEncoding = 4; lastKnownFileType = sourcecode.c.objc; path = EZAudioUtilities.m; sourceTree = "<group>"; };
		6628E0C71B39D8CB00020E56 /* EZMicrophone.h */ = {isa = PBXFileReference; fileEncoding = 4; lastKnownFileType = sourcecode.c.h; path = EZMicrophone.h; sourceTree = "<group>"; };
		6628E0C81B39D8CB00020E56 /* EZMicrophone.m */ = {isa = PBXFileReference; fileEncoding = 4; lastKnownFileType = sourcecode.c.objc; path = EZMicrophone.m; sourceTree = "<group>"; };
		6628E0C91B39D8CB00020E56 /* EZOutput.h */ = {isa = PBXFileReference; fileEncoding = 4; lastKnownFileType = sourcecode.c.h; path = EZOutput.h; sourceTree = "<group>"; };
		6628E0CA1B39D8CB00020E56 /* EZOutput.m */ = {isa = PBXFileReference; fileEncoding = 4; lastKnownFileType = sourcecode.c.objc; path = EZOutput.m; sourceTree = "<group>"; };
		6628E0CB1B39D8CB00020E56 /* EZPlot.h */ = {isa = PBXFileReference; fileEncoding = 4; lastKnownFileType = sourcecode.c.h; path = EZPlot.h; sourceTree = "<group>"; };
		6628E0CC1B39D8CB00020E56 /* EZPlot.m */ = {isa = PBXFileReference; fileEncoding = 4; lastKnownFileType = sourcecode.c.objc; path = EZPlot.m; sourceTree = "<group>"; };
		6628E0CD1B39D8CB00020E56 /* EZRecorder.h */ = {isa = PBXFileReference; fileEncoding = 4; lastKnownFileType = sourcecode.c.h; path = EZRecorder.h; sourceTree = "<group>"; };
		6628E0CE1B39D8CB00020E56 /* EZRecorder.m */ = {isa = PBXFileReference; fileEncoding = 4; lastKnownFileType = sourcecode.c.objc; path = EZRecorder.m; sourceTree = "<group>"; };
		6628E0CF1B39D8CB00020E56 /* TPCircularBuffer.c */ = {isa = PBXFileReference; fileEncoding = 4; lastKnownFileType = sourcecode.c.c; path = TPCircularBuffer.c; sourceTree = "<group>"; };
		6628E0D01B39D8CB00020E56 /* TPCircularBuffer.h */ = {isa = PBXFileReference; fileEncoding = 4; lastKnownFileType = sourcecode.c.h; path = TPCircularBuffer.h; sourceTree = "<group>"; };
		6628E0D21B39D8CB00020E56 /* CHANGELOG */ = {isa = PBXFileReference; fileEncoding = 4; lastKnownFileType = text; path = CHANGELOG; sourceTree = "<group>"; };
		6628E0D31B39D8CB00020E56 /* VERSION */ = {isa = PBXFileReference; fileEncoding = 4; lastKnownFileType = text; path = VERSION; sourceTree = "<group>"; };
		66DB85821B0430E70018EFC5 /* MainStoryboard.storyboard */ = {isa = PBXFileReference; fileEncoding = 4; lastKnownFileType = file.storyboard; path = MainStoryboard.storyboard; sourceTree = "<group>"; };
		94056F7A185E593500EB94BA /* EZAudioCoreGraphicsWaveformExample.app */ = {isa = PBXFileReference; explicitFileType = wrapper.application; includeInIndex = 0; path = EZAudioCoreGraphicsWaveformExample.app; sourceTree = BUILT_PRODUCTS_DIR; };
		94056F7D185E593500EB94BA /* Foundation.framework */ = {isa = PBXFileReference; lastKnownFileType = wrapper.framework; name = Foundation.framework; path = System/Library/Frameworks/Foundation.framework; sourceTree = SDKROOT; };
		94056F7F185E593500EB94BA /* CoreGraphics.framework */ = {isa = PBXFileReference; lastKnownFileType = wrapper.framework; name = CoreGraphics.framework; path = System/Library/Frameworks/CoreGraphics.framework; sourceTree = SDKROOT; };
		94056F81185E593500EB94BA /* UIKit.framework */ = {isa = PBXFileReference; lastKnownFileType = wrapper.framework; name = UIKit.framework; path = System/Library/Frameworks/UIKit.framework; sourceTree = SDKROOT; };
		94056F85185E593500EB94BA /* EZAudioCoreGraphicsWaveformExample-Info.plist */ = {isa = PBXFileReference; lastKnownFileType = text.plist.xml; path = "EZAudioCoreGraphicsWaveformExample-Info.plist"; sourceTree = "<group>"; };
		94056F87185E593500EB94BA /* en */ = {isa = PBXFileReference; lastKnownFileType = text.plist.strings; name = en; path = en.lproj/InfoPlist.strings; sourceTree = "<group>"; };
		94056F89185E593500EB94BA /* main.m */ = {isa = PBXFileReference; lastKnownFileType = sourcecode.c.objc; path = main.m; sourceTree = "<group>"; };
		94056F8B185E593500EB94BA /* EZAudioCoreGraphicsWaveformExample-Prefix.pch */ = {isa = PBXFileReference; lastKnownFileType = sourcecode.c.h; path = "EZAudioCoreGraphicsWaveformExample-Prefix.pch"; sourceTree = "<group>"; };
		94056F8C185E593500EB94BA /* AppDelegate.h */ = {isa = PBXFileReference; lastKnownFileType = sourcecode.c.h; path = AppDelegate.h; sourceTree = "<group>"; };
		94056F8D185E593500EB94BA /* AppDelegate.m */ = {isa = PBXFileReference; lastKnownFileType = sourcecode.c.objc; path = AppDelegate.m; sourceTree = "<group>"; };
		94056F98185E593500EB94BA /* Images.xcassets */ = {isa = PBXFileReference; lastKnownFileType = folder.assetcatalog; path = Images.xcassets; sourceTree = "<group>"; };
		94056F9E185E593500EB94BA /* EZAudioCoreGraphicsWaveformExampleTests.xctest */ = {isa = PBXFileReference; explicitFileType = wrapper.cfbundle; includeInIndex = 0; path = EZAudioCoreGraphicsWaveformExampleTests.xctest; sourceTree = BUILT_PRODUCTS_DIR; };
		94056F9F185E593500EB94BA /* XCTest.framework */ = {isa = PBXFileReference; lastKnownFileType = wrapper.framework; name = XCTest.framework; path = Library/Frameworks/XCTest.framework; sourceTree = DEVELOPER_DIR; };
		94056FA7185E593500EB94BA /* EZAudioCoreGraphicsWaveformExampleTests-Info.plist */ = {isa = PBXFileReference; lastKnownFileType = text.plist.xml; path = "EZAudioCoreGraphicsWaveformExampleTests-Info.plist"; sourceTree = "<group>"; };
		94056FA9185E593500EB94BA /* en */ = {isa = PBXFileReference; lastKnownFileType = text.plist.strings; name = en; path = en.lproj/InfoPlist.strings; sourceTree = "<group>"; };
		94056FAB185E593500EB94BA /* EZAudioCoreGraphicsWaveformExampleTests.m */ = {isa = PBXFileReference; lastKnownFileType = sourcecode.c.objc; path = EZAudioCoreGraphicsWaveformExampleTests.m; sourceTree = "<group>"; };
		94056FDC185E59D900EB94BA /* CoreGraphicsWaveformViewController.h */ = {isa = PBXFileReference; fileEncoding = 4; lastKnownFileType = sourcecode.c.h; path = CoreGraphicsWaveformViewController.h; sourceTree = "<group>"; };
		94056FDD185E59D900EB94BA /* CoreGraphicsWaveformViewController.m */ = {isa = PBXFileReference; fileEncoding = 4; lastKnownFileType = sourcecode.c.objc; path = CoreGraphicsWaveformViewController.m; sourceTree = "<group>"; };
		94057023185E612000EB94BA /* AudioToolbox.framework */ = {isa = PBXFileReference; lastKnownFileType = wrapper.framework; name = AudioToolbox.framework; path = System/Library/Frameworks/AudioToolbox.framework; sourceTree = SDKROOT; };
		94057025185E612A00EB94BA /* GLKit.framework */ = {isa = PBXFileReference; lastKnownFileType = wrapper.framework; name = GLKit.framework; path = System/Library/Frameworks/GLKit.framework; sourceTree = SDKROOT; };
		94FBB77218B15690007CAE45 /* AVFoundation.framework */ = {isa = PBXFileReference; lastKnownFileType = wrapper.framework; name = AVFoundation.framework; path = System/Library/Frameworks/AVFoundation.framework; sourceTree = SDKROOT; };
/* End PBXFileReference section */

/* Begin PBXFrameworksBuildPhase section */
		94056F77185E593500EB94BA /* Frameworks */ = {
			isa = PBXFrameworksBuildPhase;
			buildActionMask = 2147483647;
			files = (
				94FBB77318B15690007CAE45 /* AVFoundation.framework in Frameworks */,
				94057026185E612A00EB94BA /* GLKit.framework in Frameworks */,
				94057024185E612100EB94BA /* AudioToolbox.framework in Frameworks */,
				94056F80185E593500EB94BA /* CoreGraphics.framework in Frameworks */,
				94056F82185E593500EB94BA /* UIKit.framework in Frameworks */,
				94056F7E185E593500EB94BA /* Foundation.framework in Frameworks */,
			);
			runOnlyForDeploymentPostprocessing = 0;
		};
		94056F9B185E593500EB94BA /* Frameworks */ = {
			isa = PBXFrameworksBuildPhase;
			buildActionMask = 2147483647;
			files = (
				94056FA0185E593500EB94BA /* XCTest.framework in Frameworks */,
				94056FA2185E593500EB94BA /* UIKit.framework in Frameworks */,
				94056FA1185E593500EB94BA /* Foundation.framework in Frameworks */,
			);
			runOnlyForDeploymentPostprocessing = 0;
		};
/* End PBXFrameworksBuildPhase section */

/* Begin PBXGroup section */
		6628E0B01B39D8CB00020E56 /* EZAudio */ = {
			isa = PBXGroup;
			children = (
				6628E0B11B39D8CB00020E56 /* AEFloatConverter.h */,
				6628E0B21B39D8CB00020E56 /* AEFloatConverter.m */,
				6628E0B31B39D8CB00020E56 /* EZAudio.h */,
				6628E0B41B39D8CB00020E56 /* EZAudio.m */,
				6628E0B51B39D8CB00020E56 /* EZAudioDevice.h */,
				6628E0B61B39D8CB00020E56 /* EZAudioDevice.m */,
				6628E0B71B39D8CB00020E56 /* EZAudioFile.h */,
				6628E0B81B39D8CB00020E56 /* EZAudioFile.m */,
				6628E0B91B39D8CB00020E56 /* EZAudioFloatConverter.h */,
				6628E0BA1B39D8CB00020E56 /* EZAudioFloatConverter.m */,
				6628E0BB1B39D8CB00020E56 /* EZAudioFloatData.h */,
				6628E0BC1B39D8CB00020E56 /* EZAudioFloatData.m */,
				6628E0BD1B39D8CB00020E56 /* EZAudioPlayer.h */,
				6628E0BE1B39D8CB00020E56 /* EZAudioPlayer.m */,
				6628E0BF1B39D8CB00020E56 /* EZAudioPlot.h */,
				6628E0C01B39D8CB00020E56 /* EZAudioPlot.m */,
				6628E0C11B39D8CB00020E56 /* EZAudioPlotGL.h */,
				6628E0C21B39D8CB00020E56 /* EZAudioPlotGL.m */,
				6628E0C31B39D8CB00020E56 /* EZAudioPlotGLKViewController.h */,
				6628E0C41B39D8CB00020E56 /* EZAudioPlotGLKViewController.m */,
				6628E0C51B39D8CB00020E56 /* EZAudioUtilities.h */,
				6628E0C61B39D8CB00020E56 /* EZAudioUtilities.m */,
				6628E0C71B39D8CB00020E56 /* EZMicrophone.h */,
				6628E0C81B39D8CB00020E56 /* EZMicrophone.m */,
				6628E0C91B39D8CB00020E56 /* EZOutput.h */,
				6628E0CA1B39D8CB00020E56 /* EZOutput.m */,
				6628E0CB1B39D8CB00020E56 /* EZPlot.h */,
				6628E0CC1B39D8CB00020E56 /* EZPlot.m */,
				6628E0CD1B39D8CB00020E56 /* EZRecorder.h */,
				6628E0CE1B39D8CB00020E56 /* EZRecorder.m */,
				6628E0CF1B39D8CB00020E56 /* TPCircularBuffer.c */,
				6628E0D01B39D8CB00020E56 /* TPCircularBuffer.h */,
				6628E0D11B39D8CB00020E56 /* VERSION */,
			);
			name = EZAudio;
			path = ../../../../EZAudio;
			sourceTree = "<group>";
		};
		6628E0D11B39D8CB00020E56 /* VERSION */ = {
			isa = PBXGroup;
			children = (
				6628E0D21B39D8CB00020E56 /* CHANGELOG */,
				6628E0D31B39D8CB00020E56 /* VERSION */,
			);
			path = VERSION;
			sourceTree = "<group>";
		};
		94056F71185E593500EB94BA = {
			isa = PBXGroup;
			children = (
				94056F83185E593500EB94BA /* EZAudioCoreGraphicsWaveformExample */,
				94056FA5185E593500EB94BA /* EZAudioCoreGraphicsWaveformExampleTests */,
				94056F7C185E593500EB94BA /* Frameworks */,
				94056F7B185E593500EB94BA /* Products */,
			);
			sourceTree = "<group>";
		};
		94056F7B185E593500EB94BA /* Products */ = {
			isa = PBXGroup;
			children = (
				94056F7A185E593500EB94BA /* EZAudioCoreGraphicsWaveformExample.app */,
				94056F9E185E593500EB94BA /* EZAudioCoreGraphicsWaveformExampleTests.xctest */,
			);
			name = Products;
			sourceTree = "<group>";
		};
		94056F7C185E593500EB94BA /* Frameworks */ = {
			isa = PBXGroup;
			children = (
				94FBB77218B15690007CAE45 /* AVFoundation.framework */,
				94057025185E612A00EB94BA /* GLKit.framework */,
				94057023185E612000EB94BA /* AudioToolbox.framework */,
				94056F7D185E593500EB94BA /* Foundation.framework */,
				94056F7F185E593500EB94BA /* CoreGraphics.framework */,
				94056F81185E593500EB94BA /* UIKit.framework */,
				94056F9F185E593500EB94BA /* XCTest.framework */,
			);
			name = Frameworks;
			sourceTree = "<group>";
		};
		94056F83185E593500EB94BA /* EZAudioCoreGraphicsWaveformExample */ = {
			isa = PBXGroup;
			children = (
				6628E0B01B39D8CB00020E56 /* EZAudio */,
				94056F8C185E593500EB94BA /* AppDelegate.h */,
				94056F8D185E593500EB94BA /* AppDelegate.m */,
				66DB85821B0430E70018EFC5 /* MainStoryboard.storyboard */,
				94056FDC185E59D900EB94BA /* CoreGraphicsWaveformViewController.h */,
				94056FDD185E59D900EB94BA /* CoreGraphicsWaveformViewController.m */,
				94056F98185E593500EB94BA /* Images.xcassets */,
				94056F84185E593500EB94BA /* Supporting Files */,
			);
			path = EZAudioCoreGraphicsWaveformExample;
			sourceTree = "<group>";
		};
		94056F84185E593500EB94BA /* Supporting Files */ = {
			isa = PBXGroup;
			children = (
				94056F85185E593500EB94BA /* EZAudioCoreGraphicsWaveformExample-Info.plist */,
				94056F86185E593500EB94BA /* InfoPlist.strings */,
				94056F89185E593500EB94BA /* main.m */,
				94056F8B185E593500EB94BA /* EZAudioCoreGraphicsWaveformExample-Prefix.pch */,
			);
			name = "Supporting Files";
			sourceTree = "<group>";
		};
		94056FA5185E593500EB94BA /* EZAudioCoreGraphicsWaveformExampleTests */ = {
			isa = PBXGroup;
			children = (
				94056FAB185E593500EB94BA /* EZAudioCoreGraphicsWaveformExampleTests.m */,
				94056FA6185E593500EB94BA /* Supporting Files */,
			);
			path = EZAudioCoreGraphicsWaveformExampleTests;
			sourceTree = "<group>";
		};
		94056FA6185E593500EB94BA /* Supporting Files */ = {
			isa = PBXGroup;
			children = (
				94056FA7185E593500EB94BA /* EZAudioCoreGraphicsWaveformExampleTests-Info.plist */,
				94056FA8185E593500EB94BA /* InfoPlist.strings */,
			);
			name = "Supporting Files";
			sourceTree = "<group>";
		};
/* End PBXGroup section */

/* Begin PBXNativeTarget section */
		94056F79185E593500EB94BA /* EZAudioCoreGraphicsWaveformExample */ = {
			isa = PBXNativeTarget;
			buildConfigurationList = 94056FAF185E593500EB94BA /* Build configuration list for PBXNativeTarget "EZAudioCoreGraphicsWaveformExample" */;
			buildPhases = (
				94056F76185E593500EB94BA /* Sources */,
				94056F77185E593500EB94BA /* Frameworks */,
				94056F78185E593500EB94BA /* Resources */,
			);
			buildRules = (
			);
			dependencies = (
			);
			name = EZAudioCoreGraphicsWaveformExample;
			productName = EZAudioCoreGraphicsWaveformExample;
			productReference = 94056F7A185E593500EB94BA /* EZAudioCoreGraphicsWaveformExample.app */;
			productType = "com.apple.product-type.application";
		};
		94056F9D185E593500EB94BA /* EZAudioCoreGraphicsWaveformExampleTests */ = {
			isa = PBXNativeTarget;
			buildConfigurationList = 94056FB2185E593500EB94BA /* Build configuration list for PBXNativeTarget "EZAudioCoreGraphicsWaveformExampleTests" */;
			buildPhases = (
				94056F9A185E593500EB94BA /* Sources */,
				94056F9B185E593500EB94BA /* Frameworks */,
				94056F9C185E593500EB94BA /* Resources */,
			);
			buildRules = (
			);
			dependencies = (
				94056FA4185E593500EB94BA /* PBXTargetDependency */,
			);
			name = EZAudioCoreGraphicsWaveformExampleTests;
			productName = EZAudioCoreGraphicsWaveformExampleTests;
			productReference = 94056F9E185E593500EB94BA /* EZAudioCoreGraphicsWaveformExampleTests.xctest */;
			productType = "com.apple.product-type.bundle.unit-test";
		};
/* End PBXNativeTarget section */

/* Begin PBXProject section */
		94056F72185E593500EB94BA /* Project object */ = {
			isa = PBXProject;
			attributes = {
				LastUpgradeCheck = 0500;
				ORGANIZATIONNAME = "Syed Haris Ali";
				TargetAttributes = {
					94056F9D185E593500EB94BA = {
						TestTargetID = 94056F79185E593500EB94BA;
					};
				};
			};
			buildConfigurationList = 94056F75185E593500EB94BA /* Build configuration list for PBXProject "EZAudioCoreGraphicsWaveformExample" */;
			compatibilityVersion = "Xcode 3.2";
			developmentRegion = English;
			hasScannedForEncodings = 0;
			knownRegions = (
				en,
				Base,
			);
			mainGroup = 94056F71185E593500EB94BA;
			productRefGroup = 94056F7B185E593500EB94BA /* Products */;
			projectDirPath = "";
			projectRoot = "";
			targets = (
				94056F79185E593500EB94BA /* EZAudioCoreGraphicsWaveformExample */,
				94056F9D185E593500EB94BA /* EZAudioCoreGraphicsWaveformExampleTests */,
			);
		};
/* End PBXProject section */

/* Begin PBXResourcesBuildPhase section */
		94056F78185E593500EB94BA /* Resources */ = {
			isa = PBXResourcesBuildPhase;
			buildActionMask = 2147483647;
			files = (
				94056F99185E593500EB94BA /* Images.xcassets in Resources */,
				6628E0E41B39D8CB00020E56 /* CHANGELOG in Resources */,
				66DB85831B0430E70018EFC5 /* MainStoryboard.storyboard in Resources */,
				94056F88185E593500EB94BA /* InfoPlist.strings in Resources */,
				6628E0E51B39D8CB00020E56 /* VERSION in Resources */,
			);
			runOnlyForDeploymentPostprocessing = 0;
		};
		94056F9C185E593500EB94BA /* Resources */ = {
			isa = PBXResourcesBuildPhase;
			buildActionMask = 2147483647;
			files = (
				94056FAA185E593500EB94BA /* InfoPlist.strings in Resources */,
			);
			runOnlyForDeploymentPostprocessing = 0;
		};
/* End PBXResourcesBuildPhase section */

/* Begin PBXSourcesBuildPhase section */
		94056F76185E593500EB94BA /* Sources */ = {
			isa = PBXSourcesBuildPhase;
			buildActionMask = 2147483647;
			files = (
				6628E0E21B39D8CB00020E56 /* EZRecorder.m in Sources */,
				94056FDE185E59D900EB94BA /* CoreGraphicsWaveformViewController.m in Sources */,
				6628E0D81B39D8CB00020E56 /* EZAudioFloatConverter.m in Sources */,
				6628E0D91B39D8CB00020E56 /* EZAudioFloatData.m in Sources */,
				6628E0D41B39D8CB00020E56 /* AEFloatConverter.m in Sources */,
				6628E0D71B39D8CB00020E56 /* EZAudioFile.m in Sources */,
				6628E0E01B39D8CB00020E56 /* EZOutput.m in Sources */,
				6628E0DC1B39D8CB00020E56 /* EZAudioPlotGL.m in Sources */,
				6628E0E31B39D8CB00020E56 /* TPCircularBuffer.c in Sources */,
				6628E0DB1B39D8CB00020E56 /* EZAudioPlot.m in Sources */,
				94056F8E185E593500EB94BA /* AppDelegate.m in Sources */,
				6628E0DF1B39D8CB00020E56 /* EZMicrophone.m in Sources */,
				6628E0DA1B39D8CB00020E56 /* EZAudioPlayer.m in Sources */,
				6628E0D61B39D8CB00020E56 /* EZAudioDevice.m in Sources */,
				94056F8A185E593500EB94BA /* main.m in Sources */,
				6628E0E11B39D8CB00020E56 /* EZPlot.m in Sources */,
				6628E0D51B39D8CB00020E56 /* EZAudio.m in Sources */,
				6628E0DE1B39D8CB00020E56 /* EZAudioUtilities.m in Sources */,
				6628E0DD1B39D8CB00020E56 /* EZAudioPlotGLKViewController.m in Sources */,
			);
			runOnlyForDeploymentPostprocessing = 0;
		};
		94056F9A185E593500EB94BA /* Sources */ = {
			isa = PBXSourcesBuildPhase;
			buildActionMask = 2147483647;
			files = (
				94056FAC185E593500EB94BA /* EZAudioCoreGraphicsWaveformExampleTests.m in Sources */,
			);
			runOnlyForDeploymentPostprocessing = 0;
		};
/* End PBXSourcesBuildPhase section */

/* Begin PBXTargetDependency section */
		94056FA4185E593500EB94BA /* PBXTargetDependency */ = {
			isa = PBXTargetDependency;
			target = 94056F79185E593500EB94BA /* EZAudioCoreGraphicsWaveformExample */;
			targetProxy = 94056FA3185E593500EB94BA /* PBXContainerItemProxy */;
		};
/* End PBXTargetDependency section */

/* Begin PBXVariantGroup section */
		94056F86185E593500EB94BA /* InfoPlist.strings */ = {
			isa = PBXVariantGroup;
			children = (
				94056F87185E593500EB94BA /* en */,
			);
			name = InfoPlist.strings;
			sourceTree = "<group>";
		};
		94056FA8185E593500EB94BA /* InfoPlist.strings */ = {
			isa = PBXVariantGroup;
			children = (
				94056FA9185E593500EB94BA /* en */,
			);
			name = InfoPlist.strings;
			sourceTree = "<group>";
		};
/* End PBXVariantGroup section */

/* Begin XCBuildConfiguration section */
		94056FAD185E593500EB94BA /* Debug */ = {
			isa = XCBuildConfiguration;
			buildSettings = {
				ALWAYS_SEARCH_USER_PATHS = NO;
				ARCHS = "$(ARCHS_STANDARD_INCLUDING_64_BIT)";
				CLANG_CXX_LANGUAGE_STANDARD = "gnu++0x";
				CLANG_CXX_LIBRARY = "libc++";
				CLANG_ENABLE_MODULES = YES;
				CLANG_ENABLE_OBJC_ARC = YES;
				CLANG_WARN_BOOL_CONVERSION = YES;
				CLANG_WARN_CONSTANT_CONVERSION = YES;
				CLANG_WARN_DIRECT_OBJC_ISA_USAGE = YES_ERROR;
				CLANG_WARN_EMPTY_BODY = YES;
				CLANG_WARN_ENUM_CONVERSION = YES;
				CLANG_WARN_INT_CONVERSION = YES;
				CLANG_WARN_OBJC_ROOT_CLASS = YES_ERROR;
				CLANG_WARN__DUPLICATE_METHOD_MATCH = YES;
				"CODE_SIGN_IDENTITY[sdk=iphoneos*]" = "iPhone Developer";
				COPY_PHASE_STRIP = NO;
				GCC_C_LANGUAGE_STANDARD = gnu99;
				GCC_DYNAMIC_NO_PIC = NO;
				GCC_OPTIMIZATION_LEVEL = 0;
				GCC_PREPROCESSOR_DEFINITIONS = (
					"DEBUG=1",
					"$(inherited)",
				);
				GCC_SYMBOLS_PRIVATE_EXTERN = NO;
				GCC_WARN_64_TO_32_BIT_CONVERSION = YES;
				GCC_WARN_ABOUT_RETURN_TYPE = YES_ERROR;
				GCC_WARN_UNDECLARED_SELECTOR = YES;
				GCC_WARN_UNINITIALIZED_AUTOS = YES;
				GCC_WARN_UNUSED_FUNCTION = YES;
				GCC_WARN_UNUSED_VARIABLE = YES;
				IPHONEOS_DEPLOYMENT_TARGET = 7.0;
				ONLY_ACTIVE_ARCH = YES;
				SDKROOT = iphoneos;
				TARGETED_DEVICE_FAMILY = "1,2";
			};
			name = Debug;
		};
		94056FAE185E593500EB94BA /* Release */ = {
			isa = XCBuildConfiguration;
			buildSettings = {
				ALWAYS_SEARCH_USER_PATHS = NO;
				ARCHS = "$(ARCHS_STANDARD_INCLUDING_64_BIT)";
				CLANG_CXX_LANGUAGE_STANDARD = "gnu++0x";
				CLANG_CXX_LIBRARY = "libc++";
				CLANG_ENABLE_MODULES = YES;
				CLANG_ENABLE_OBJC_ARC = YES;
				CLANG_WARN_BOOL_CONVERSION = YES;
				CLANG_WARN_CONSTANT_CONVERSION = YES;
				CLANG_WARN_DIRECT_OBJC_ISA_USAGE = YES_ERROR;
				CLANG_WARN_EMPTY_BODY = YES;
				CLANG_WARN_ENUM_CONVERSION = YES;
				CLANG_WARN_INT_CONVERSION = YES;
				CLANG_WARN_OBJC_ROOT_CLASS = YES_ERROR;
				CLANG_WARN__DUPLICATE_METHOD_MATCH = YES;
				"CODE_SIGN_IDENTITY[sdk=iphoneos*]" = "iPhone Developer";
				COPY_PHASE_STRIP = YES;
				ENABLE_NS_ASSERTIONS = NO;
				GCC_C_LANGUAGE_STANDARD = gnu99;
				GCC_WARN_64_TO_32_BIT_CONVERSION = YES;
				GCC_WARN_ABOUT_RETURN_TYPE = YES_ERROR;
				GCC_WARN_UNDECLARED_SELECTOR = YES;
				GCC_WARN_UNINITIALIZED_AUTOS = YES;
				GCC_WARN_UNUSED_FUNCTION = YES;
				GCC_WARN_UNUSED_VARIABLE = YES;
				IPHONEOS_DEPLOYMENT_TARGET = 7.0;
				SDKROOT = iphoneos;
				TARGETED_DEVICE_FAMILY = "1,2";
				VALIDATE_PRODUCT = YES;
			};
			name = Release;
		};
		94056FB0185E593500EB94BA /* Debug */ = {
			isa = XCBuildConfiguration;
			buildSettings = {
				ASSETCATALOG_COMPILER_APPICON_NAME = AppIcon;
				ASSETCATALOG_COMPILER_LAUNCHIMAGE_NAME = LaunchImage;
				CODE_SIGN_IDENTITY = "iPhone Developer";
				GCC_PRECOMPILE_PREFIX_HEADER = YES;
				GCC_PREFIX_HEADER = "EZAudioCoreGraphicsWaveformExample/EZAudioCoreGraphicsWaveformExample-Prefix.pch";
				INFOPLIST_FILE = "EZAudioCoreGraphicsWaveformExample/EZAudioCoreGraphicsWaveformExample-Info.plist";
				IPHONEOS_DEPLOYMENT_TARGET = 6.0;
				PRODUCT_NAME = "$(TARGET_NAME)";
				WRAPPER_EXTENSION = app;
			};
			name = Debug;
		};
		94056FB1185E593500EB94BA /* Release */ = {
			isa = XCBuildConfiguration;
			buildSettings = {
				ASSETCATALOG_COMPILER_APPICON_NAME = AppIcon;
				ASSETCATALOG_COMPILER_LAUNCHIMAGE_NAME = LaunchImage;
				CODE_SIGN_IDENTITY = "iPhone Developer";
				GCC_PRECOMPILE_PREFIX_HEADER = YES;
				GCC_PREFIX_HEADER = "EZAudioCoreGraphicsWaveformExample/EZAudioCoreGraphicsWaveformExample-Prefix.pch";
				INFOPLIST_FILE = "EZAudioCoreGraphicsWaveformExample/EZAudioCoreGraphicsWaveformExample-Info.plist";
				IPHONEOS_DEPLOYMENT_TARGET = 6.0;
				PRODUCT_NAME = "$(TARGET_NAME)";
				WRAPPER_EXTENSION = app;
			};
			name = Release;
		};
		94056FB3185E593500EB94BA /* Debug */ = {
			isa = XCBuildConfiguration;
			buildSettings = {
				ARCHS = "$(ARCHS_STANDARD_INCLUDING_64_BIT)";
				BUNDLE_LOADER = "$(BUILT_PRODUCTS_DIR)/EZAudioCoreGraphicsWaveformExample.app/EZAudioCoreGraphicsWaveformExample";
				FRAMEWORK_SEARCH_PATHS = (
					"$(SDKROOT)/Developer/Library/Frameworks",
					"$(inherited)",
					"$(DEVELOPER_FRAMEWORKS_DIR)",
				);
				GCC_PRECOMPILE_PREFIX_HEADER = YES;
				GCC_PREFIX_HEADER = "EZAudioCoreGraphicsWaveformExample/EZAudioCoreGraphicsWaveformExample-Prefix.pch";
				GCC_PREPROCESSOR_DEFINITIONS = (
					"DEBUG=1",
					"$(inherited)",
				);
				INFOPLIST_FILE = "EZAudioCoreGraphicsWaveformExampleTests/EZAudioCoreGraphicsWaveformExampleTests-Info.plist";
				PRODUCT_NAME = "$(TARGET_NAME)";
				TEST_HOST = "$(BUNDLE_LOADER)";
				WRAPPER_EXTENSION = xctest;
			};
			name = Debug;
		};
		94056FB4185E593500EB94BA /* Release */ = {
			isa = XCBuildConfiguration;
			buildSettings = {
				ARCHS = "$(ARCHS_STANDARD_INCLUDING_64_BIT)";
				BUNDLE_LOADER = "$(BUILT_PRODUCTS_DIR)/EZAudioCoreGraphicsWaveformExample.app/EZAudioCoreGraphicsWaveformExample";
				FRAMEWORK_SEARCH_PATHS = (
					"$(SDKROOT)/Developer/Library/Frameworks",
					"$(inherited)",
					"$(DEVELOPER_FRAMEWORKS_DIR)",
				);
				GCC_PRECOMPILE_PREFIX_HEADER = YES;
				GCC_PREFIX_HEADER = "EZAudioCoreGraphicsWaveformExample/EZAudioCoreGraphicsWaveformExample-Prefix.pch";
				INFOPLIST_FILE = "EZAudioCoreGraphicsWaveformExampleTests/EZAudioCoreGraphicsWaveformExampleTests-Info.plist";
				PRODUCT_NAME = "$(TARGET_NAME)";
				TEST_HOST = "$(BUNDLE_LOADER)";
				WRAPPER_EXTENSION = xctest;
			};
			name = Release;
		};
/* End XCBuildConfiguration section */

/* Begin XCConfigurationList section */
		94056F75185E593500EB94BA /* Build configuration list for PBXProject "EZAudioCoreGraphicsWaveformExample" */ = {
			isa = XCConfigurationList;
			buildConfigurations = (
				94056FAD185E593500EB94BA /* Debug */,
				94056FAE185E593500EB94BA /* Release */,
			);
			defaultConfigurationIsVisible = 0;
			defaultConfigurationName = Release;
		};
		94056FAF185E593500EB94BA /* Build configuration list for PBXNativeTarget "EZAudioCoreGraphicsWaveformExample" */ = {
			isa = XCConfigurationList;
			buildConfigurations = (
				94056FB0185E593500EB94BA /* Debug */,
				94056FB1185E593500EB94BA /* Release */,
			);
			defaultConfigurationIsVisible = 0;
			defaultConfigurationName = Release;
		};
		94056FB2185E593500EB94BA /* Build configuration list for PBXNativeTarget "EZAudioCoreGraphicsWaveformExampleTests" */ = {
			isa = XCConfigurationList;
			buildConfigurations = (
				94056FB3185E593500EB94BA /* Debug */,
				94056FB4185E593500EB94BA /* Release */,
			);
			defaultConfigurationIsVisible = 0;
			defaultConfigurationName = Release;
		};
/* End XCConfigurationList section */
	};
	rootObject = 94056F72185E593500EB94BA /* Project object */;
}
