// !$*UTF8*$!
{
	archiveVersion = 1;
	classes = {
	};
	objectVersion = 46;
	objects = {

/* Begin PBXBuildFile section */
		6611CE431B45D1A400AE0EE8 /* EZAudio.framework in Frameworks */ = {isa = PBXBuildFile; fileRef = 6611CE421B45D1A400AE0EE8 /* EZAudio.framework */; };
		66DB85B81B05714F0018EFC5 /* MainStoryboard.storyboard in Resources */ = {isa = PBXBuildFile; fileRef = 66DB85B71B05714F0018EFC5 /* MainStoryboard.storyboard */; };
		94056FEC185E5EAF00EB94BA /* Foundation.framework in Frameworks */ = {isa = PBXBuildFile; fileRef = 94056FEB185E5EAF00EB94BA /* Foundation.framework */; };
		94056FEE185E5EAF00EB94BA /* CoreGraphics.framework in Frameworks */ = {isa = PBXBuildFile; fileRef = 94056FED185E5EAF00EB94BA /* CoreGraphics.framework */; };
		94056FF0185E5EAF00EB94BA /* UIKit.framework in Frameworks */ = {isa = PBXBuildFile; fileRef = 94056FEF185E5EAF00EB94BA /* UIKit.framework */; };
		94056FF6185E5EAF00EB94BA /* InfoPlist.strings in Resources */ = {isa = PBXBuildFile; fileRef = 94056FF4185E5EAF00EB94BA /* InfoPlist.strings */; };
		94056FF8185E5EAF00EB94BA /* main.m in Sources */ = {isa = PBXBuildFile; fileRef = 94056FF7185E5EAF00EB94BA /* main.m */; };
		94056FFC185E5EAF00EB94BA /* AppDelegate.m in Sources */ = {isa = PBXBuildFile; fileRef = 94056FFB185E5EAF00EB94BA /* AppDelegate.m */; };
		94057007185E5EAF00EB94BA /* Images.xcassets in Resources */ = {isa = PBXBuildFile; fileRef = 94057006185E5EAF00EB94BA /* Images.xcassets */; };
		94057050185E636100EB94BA /* OpenGLWaveformViewController.m in Sources */ = {isa = PBXBuildFile; fileRef = 9405704F185E636100EB94BA /* OpenGLWaveformViewController.m */; };
		9417A6CB18658FC900D9D37B /* AudioToolbox.framework in Frameworks */ = {isa = PBXBuildFile; fileRef = 9417A6CA18658FC900D9D37B /* AudioToolbox.framework */; };
		9417A6CD18658FCD00D9D37B /* GLKit.framework in Frameworks */ = {isa = PBXBuildFile; fileRef = 9417A6CC18658FCD00D9D37B /* GLKit.framework */; };
		94FBB77518B15698007CAE45 /* AVFoundation.framework in Frameworks */ = {isa = PBXBuildFile; fileRef = 94FBB77418B15698007CAE45 /* AVFoundation.framework */; };
/* End PBXBuildFile section */

/* Begin PBXFileReference section */
		6611CE421B45D1A400AE0EE8 /* EZAudio.framework */ = {isa = PBXFileReference; lastKnownFileType = wrapper.framework; name = EZAudio.framework; path = "../../../EZAudio/iOS/build/Debug-iphoneos/EZAudio.framework"; sourceTree = "<group>"; };
		66DB85B71B05714F0018EFC5 /* MainStoryboard.storyboard */ = {isa = PBXFileReference; fileEncoding = 4; lastKnownFileType = file.storyboard; path = MainStoryboard.storyboard; sourceTree = "<group>"; };
		94056FE8185E5EAF00EB94BA /* EZAudioOpenGLWaveformExample.app */ = {isa = PBXFileReference; explicitFileType = wrapper.application; includeInIndex = 0; path = EZAudioOpenGLWaveformExample.app; sourceTree = BUILT_PRODUCTS_DIR; };
		94056FEB185E5EAF00EB94BA /* Foundation.framework */ = {isa = PBXFileReference; lastKnownFileType = wrapper.framework; name = Foundation.framework; path = System/Library/Frameworks/Foundation.framework; sourceTree = SDKROOT; };
		94056FED185E5EAF00EB94BA /* CoreGraphics.framework */ = {isa = PBXFileReference; lastKnownFileType = wrapper.framework; name = CoreGraphics.framework; path = System/Library/Frameworks/CoreGraphics.framework; sourceTree = SDKROOT; };
		94056FEF185E5EAF00EB94BA /* UIKit.framework */ = {isa = PBXFileReference; lastKnownFileType = wrapper.framework; name = UIKit.framework; path = System/Library/Frameworks/UIKit.framework; sourceTree = SDKROOT; };
		94056FF3185E5EAF00EB94BA /* EZAudioOpenGLWaveformExample-Info.plist */ = {isa = PBXFileReference; lastKnownFileType = text.plist.xml; path = "EZAudioOpenGLWaveformExample-Info.plist"; sourceTree = "<group>"; };
		94056FF5185E5EAF00EB94BA /* en */ = {isa = PBXFileReference; lastKnownFileType = text.plist.strings; name = en; path = en.lproj/InfoPlist.strings; sourceTree = "<group>"; };
		94056FF7185E5EAF00EB94BA /* main.m */ = {isa = PBXFileReference; lastKnownFileType = sourcecode.c.objc; path = main.m; sourceTree = "<group>"; };
		94056FF9185E5EAF00EB94BA /* EZAudioOpenGLWaveformExample-Prefix.pch */ = {isa = PBXFileReference; lastKnownFileType = sourcecode.c.h; path = "EZAudioOpenGLWaveformExample-Prefix.pch"; sourceTree = "<group>"; };
		94056FFA185E5EAF00EB94BA /* AppDelegate.h */ = {isa = PBXFileReference; lastKnownFileType = sourcecode.c.h; path = AppDelegate.h; sourceTree = "<group>"; };
		94056FFB185E5EAF00EB94BA /* AppDelegate.m */ = {isa = PBXFileReference; lastKnownFileType = sourcecode.c.objc; path = AppDelegate.m; sourceTree = "<group>"; };
		94057006185E5EAF00EB94BA /* Images.xcassets */ = {isa = PBXFileReference; lastKnownFileType = folder.assetcatalog; path = Images.xcassets; sourceTree = "<group>"; };
		9405700D185E5EAF00EB94BA /* XCTest.framework */ = {isa = PBXFileReference; lastKnownFileType = wrapper.framework; name = XCTest.framework; path = Library/Frameworks/XCTest.framework; sourceTree = DEVELOPER_DIR; };
		9405704E185E636100EB94BA /* OpenGLWaveformViewController.h */ = {isa = PBXFileReference; fileEncoding = 4; lastKnownFileType = sourcecode.c.h; path = OpenGLWaveformViewController.h; sourceTree = "<group>"; };
		9405704F185E636100EB94BA /* OpenGLWaveformViewController.m */ = {isa = PBXFileReference; fileEncoding = 4; lastKnownFileType = sourcecode.c.objc; path = OpenGLWaveformViewController.m; sourceTree = "<group>"; };
		9417A6CA18658FC900D9D37B /* AudioToolbox.framework */ = {isa = PBXFileReference; lastKnownFileType = wrapper.framework; name = AudioToolbox.framework; path = System/Library/Frameworks/AudioToolbox.framework; sourceTree = SDKROOT; };
		9417A6CC18658FCD00D9D37B /* GLKit.framework */ = {isa = PBXFileReference; lastKnownFileType = wrapper.framework; name = GLKit.framework; path = System/Library/Frameworks/GLKit.framework; sourceTree = SDKROOT; };
		94FBB77418B15698007CAE45 /* AVFoundation.framework */ = {isa = PBXFileReference; lastKnownFileType = wrapper.framework; name = AVFoundation.framework; path = System/Library/Frameworks/AVFoundation.framework; sourceTree = SDKROOT; };
/* End PBXFileReference section */

/* Begin PBXFrameworksBuildPhase section */
		94056FE5185E5EAF00EB94BA /* Frameworks */ = {
			isa = PBXFrameworksBuildPhase;
			buildActionMask = 2147483647;
			files = (
				6611CE431B45D1A400AE0EE8 /* EZAudio.framework in Frameworks */,
				94FBB77518B15698007CAE45 /* AVFoundation.framework in Frameworks */,
				9417A6CD18658FCD00D9D37B /* GLKit.framework in Frameworks */,
				9417A6CB18658FC900D9D37B /* AudioToolbox.framework in Frameworks */,
				94056FEE185E5EAF00EB94BA /* CoreGraphics.framework in Frameworks */,
				94056FF0185E5EAF00EB94BA /* UIKit.framework in Frameworks */,
				94056FEC185E5EAF00EB94BA /* Foundation.framework in Frameworks */,
			);
			runOnlyForDeploymentPostprocessing = 0;
		};
/* End PBXFrameworksBuildPhase section */

/* Begin PBXGroup section */
		94056FDF185E5EAF00EB94BA = {
			isa = PBXGroup;
			children = (
				94056FF1185E5EAF00EB94BA /* EZAudioOpenGLWaveformExample */,
				94056FEA185E5EAF00EB94BA /* Frameworks */,
				94056FE9185E5EAF00EB94BA /* Products */,
			);
			sourceTree = "<group>";
		};
		94056FE9185E5EAF00EB94BA /* Products */ = {
			isa = PBXGroup;
			children = (
				94056FE8185E5EAF00EB94BA /* EZAudioOpenGLWaveformExample.app */,
			);
			name = Products;
			sourceTree = "<group>";
		};
		94056FEA185E5EAF00EB94BA /* Frameworks */ = {
			isa = PBXGroup;
			children = (
				6611CE421B45D1A400AE0EE8 /* EZAudio.framework */,
				94FBB77418B15698007CAE45 /* AVFoundation.framework */,
				9417A6CC18658FCD00D9D37B /* GLKit.framework */,
				9417A6CA18658FC900D9D37B /* AudioToolbox.framework */,
				94056FEB185E5EAF00EB94BA /* Foundation.framework */,
				94056FED185E5EAF00EB94BA /* CoreGraphics.framework */,
				94056FEF185E5EAF00EB94BA /* UIKit.framework */,
				9405700D185E5EAF00EB94BA /* XCTest.framework */,
			);
			name = Frameworks;
			sourceTree = "<group>";
		};
		94056FF1185E5EAF00EB94BA /* EZAudioOpenGLWaveformExample */ = {
			isa = PBXGroup;
			children = (
				94056FFA185E5EAF00EB94BA /* AppDelegate.h */,
				94056FFB185E5EAF00EB94BA /* AppDelegate.m */,
				66DB85B71B05714F0018EFC5 /* MainStoryboard.storyboard */,
				9405704E185E636100EB94BA /* OpenGLWaveformViewController.h */,
				9405704F185E636100EB94BA /* OpenGLWaveformViewController.m */,
				94057006185E5EAF00EB94BA /* Images.xcassets */,
				94056FF2185E5EAF00EB94BA /* Supporting Files */,
			);
			path = EZAudioOpenGLWaveformExample;
			sourceTree = "<group>";
		};
		94056FF2185E5EAF00EB94BA /* Supporting Files */ = {
			isa = PBXGroup;
			children = (
				94056FF3185E5EAF00EB94BA /* EZAudioOpenGLWaveformExample-Info.plist */,
				94056FF4185E5EAF00EB94BA /* InfoPlist.strings */,
				94056FF7185E5EAF00EB94BA /* main.m */,
				94056FF9185E5EAF00EB94BA /* EZAudioOpenGLWaveformExample-Prefix.pch */,
			);
			name = "Supporting Files";
			sourceTree = "<group>";
		};
/* End PBXGroup section */

/* Begin PBXNativeTarget section */
		94056FE7185E5EAF00EB94BA /* EZAudioOpenGLWaveformExample */ = {
			isa = PBXNativeTarget;
			buildConfigurationList = 9405701D185E5EAF00EB94BA /* Build configuration list for PBXNativeTarget "EZAudioOpenGLWaveformExample" */;
			buildPhases = (
				94056FE4185E5EAF00EB94BA /* Sources */,
				94056FE5185E5EAF00EB94BA /* Frameworks */,
				94056FE6185E5EAF00EB94BA /* Resources */,
			);
			buildRules = (
			);
			dependencies = (
			);
			name = EZAudioOpenGLWaveformExample;
			productName = EZAudioOpenGLWaveformExample;
			productReference = 94056FE8185E5EAF00EB94BA /* EZAudioOpenGLWaveformExample.app */;
			productType = "com.apple.product-type.application";
		};
/* End PBXNativeTarget section */

/* Begin PBXProject section */
		94056FE0185E5EAF00EB94BA /* Project object */ = {
			isa = PBXProject;
			attributes = {
				LastUpgradeCheck = 0500;
				ORGANIZATIONNAME = "Syed Haris Ali";
			};
			buildConfigurationList = 94056FE3185E5EAF00EB94BA /* Build configuration list for PBXProject "EZAudioOpenGLWaveformExample" */;
			compatibilityVersion = "Xcode 3.2";
			developmentRegion = English;
			hasScannedForEncodings = 0;
			knownRegions = (
				en,
				Base,
			);
			mainGroup = 94056FDF185E5EAF00EB94BA;
			productRefGroup = 94056FE9185E5EAF00EB94BA /* Products */;
			projectDirPath = "";
			projectRoot = "";
			targets = (
				94056FE7185E5EAF00EB94BA /* EZAudioOpenGLWaveformExample */,
			);
		};
/* End PBXProject section */

/* Begin PBXResourcesBuildPhase section */
		94056FE6185E5EAF00EB94BA /* Resources */ = {
			isa = PBXResourcesBuildPhase;
			buildActionMask = 2147483647;
			files = (
				94057007185E5EAF00EB94BA /* Images.xcassets in Resources */,
				66DB85B81B05714F0018EFC5 /* MainStoryboard.storyboard in Resources */,
				94056FF6185E5EAF00EB94BA /* InfoPlist.strings in Resources */,
			);
			runOnlyForDeploymentPostprocessing = 0;
		};
/* End PBXResourcesBuildPhase section */

/* Begin PBXSourcesBuildPhase section */
		94056FE4185E5EAF00EB94BA /* Sources */ = {
			isa = PBXSourcesBuildPhase;
			buildActionMask = 2147483647;
			files = (
				94057050185E636100EB94BA /* OpenGLWaveformViewController.m in Sources */,
				94056FFC185E5EAF00EB94BA /* AppDelegate.m in Sources */,
				94056FF8185E5EAF00EB94BA /* main.m in Sources */,
			);
			runOnlyForDeploymentPostprocessing = 0;
		};
/* End PBXSourcesBuildPhase section */

/* Begin PBXVariantGroup section */
		94056FF4185E5EAF00EB94BA /* InfoPlist.strings */ = {
			isa = PBXVariantGroup;
			children = (
				94056FF5185E5EAF00EB94BA /* en */,
			);
			name = InfoPlist.strings;
			sourceTree = "<group>";
		};
/* End PBXVariantGroup section */

/* Begin XCBuildConfiguration section */
		9405701B185E5EAF00EB94BA /* Debug */ = {
			isa = XCBuildConfiguration;
			buildSettings = {
				ALWAYS_SEARCH_USER_PATHS = NO;
				ARCHS = "$(ARCHS_STANDARD_INCLUDING_64_BIT)";
				CLANG_CXX_LANGUAGE_STANDARD = "gnu++0x";
				CLANG_CXX_LIBRARY = "libc++";
				CLANG_ENABLE_MODULES = YES;
				CLANG_ENABLE_OBJC_ARC = YES;
				CLANG_WARN_BOOL_CONVERSION = YES;
				CLANG_WARN_CONSTANT_CONVERSION = YES;
				CLANG_WARN_DIRECT_OBJC_ISA_USAGE = YES_ERROR;
				CLANG_WARN_EMPTY_BODY = YES;
				CLANG_WARN_ENUM_CONVERSION = YES;
				CLANG_WARN_INT_CONVERSION = YES;
				CLANG_WARN_OBJC_ROOT_CLASS = YES_ERROR;
				CLANG_WARN__DUPLICATE_METHOD_MATCH = YES;
				"CODE_SIGN_IDENTITY[sdk=iphoneos*]" = "iPhone Developer";
				COPY_PHASE_STRIP = NO;
				GCC_C_LANGUAGE_STANDARD = gnu99;
				GCC_DYNAMIC_NO_PIC = NO;
				GCC_OPTIMIZATION_LEVEL = 0;
				GCC_PREPROCESSOR_DEFINITIONS = (
					"DEBUG=1",
					"$(inherited)",
				);
				GCC_SYMBOLS_PRIVATE_EXTERN = NO;
				GCC_WARN_64_TO_32_BIT_CONVERSION = YES;
				GCC_WARN_ABOUT_RETURN_TYPE = YES_ERROR;
				GCC_WARN_UNDECLARED_SELECTOR = YES;
				GCC_WARN_UNINITIALIZED_AUTOS = YES;
				GCC_WARN_UNUSED_FUNCTION = YES;
				GCC_WARN_UNUSED_VARIABLE = YES;
				IPHONEOS_DEPLOYMENT_TARGET = 7.0;
				ONLY_ACTIVE_ARCH = YES;
				SDKROOT = iphoneos;
				TARGETED_DEVICE_FAMILY = "1,2";
			};
			name = Debug;
		};
		9405701C185E5EAF00EB94BA /* Release */ = {
			isa = XCBuildConfiguration;
			buildSettings = {
				ALWAYS_SEARCH_USER_PATHS = NO;
				ARCHS = "$(ARCHS_STANDARD_INCLUDING_64_BIT)";
				CLANG_CXX_LANGUAGE_STANDARD = "gnu++0x";
				CLANG_CXX_LIBRARY = "libc++";
				CLANG_ENABLE_MODULES = YES;
				CLANG_ENABLE_OBJC_ARC = YES;
				CLANG_WARN_BOOL_CONVERSION = YES;
				CLANG_WARN_CONSTANT_CONVERSION = YES;
				CLANG_WARN_DIRECT_OBJC_ISA_USAGE = YES_ERROR;
				CLANG_WARN_EMPTY_BODY = YES;
				CLANG_WARN_ENUM_CONVERSION = YES;
				CLANG_WARN_INT_CONVERSION = YES;
				CLANG_WARN_OBJC_ROOT_CLASS = YES_ERROR;
				CLANG_WARN__DUPLICATE_METHOD_MATCH = YES;
				"CODE_SIGN_IDENTITY[sdk=iphoneos*]" = "iPhone Developer";
				COPY_PHASE_STRIP = YES;
				ENABLE_NS_ASSERTIONS = NO;
				GCC_C_LANGUAGE_STANDARD = gnu99;
				GCC_WARN_64_TO_32_BIT_CONVERSION = YES;
				GCC_WARN_ABOUT_RETURN_TYPE = YES_ERROR;
				GCC_WARN_UNDECLARED_SELECTOR = YES;
				GCC_WARN_UNINITIALIZED_AUTOS = YES;
				GCC_WARN_UNUSED_FUNCTION = YES;
				GCC_WARN_UNUSED_VARIABLE = YES;
				IPHONEOS_DEPLOYMENT_TARGET = 7.0;
				SDKROOT = iphoneos;
				TARGETED_DEVICE_FAMILY = "1,2";
				VALIDATE_PRODUCT = YES;
			};
			name = Release;
		};
		9405701E185E5EAF00EB94BA /* Debug */ = {
			isa = XCBuildConfiguration;
			buildSettings = {
				ASSETCATALOG_COMPILER_APPICON_NAME = AppIcon;
				ASSETCATALOG_COMPILER_LAUNCHIMAGE_NAME = LaunchImage;
				FRAMEWORK_SEARCH_PATHS = "$(inherited)";
				GCC_PRECOMPILE_PREFIX_HEADER = YES;
				GCC_PREFIX_HEADER = "EZAudioOpenGLWaveformExample/EZAudioOpenGLWaveformExample-Prefix.pch";
				INFOPLIST_FILE = "EZAudioOpenGLWaveformExample/EZAudioOpenGLWaveformExample-Info.plist";
				IPHONEOS_DEPLOYMENT_TARGET = 8.0;
				PRODUCT_NAME = "$(TARGET_NAME)";
				WRAPPER_EXTENSION = app;
			};
			name = Debug;
		};
		9405701F185E5EAF00EB94BA /* Release */ = {
			isa = XCBuildConfiguration;
			buildSettings = {
				ASSETCATALOG_COMPILER_APPICON_NAME = AppIcon;
				ASSETCATALOG_COMPILER_LAUNCHIMAGE_NAME = LaunchImage;
				FRAMEWORK_SEARCH_PATHS = "$(inherited)";
				GCC_PRECOMPILE_PREFIX_HEADER = YES;
				GCC_PREFIX_HEADER = "EZAudioOpenGLWaveformExample/EZAudioOpenGLWaveformExample-Prefix.pch";
				INFOPLIST_FILE = "EZAudioOpenGLWaveformExample/EZAudioOpenGLWaveformExample-Info.plist";
				IPHONEOS_DEPLOYMENT_TARGET = 8.0;
				PRODUCT_NAME = "$(TARGET_NAME)";
				WRAPPER_EXTENSION = app;
			};
			name = Release;
		};
/* End XCBuildConfiguration section */

/* Begin XCConfigurationList section */
		94056FE3185E5EAF00EB94BA /* Build configuration list for PBXProject "EZAudioOpenGLWaveformExample" */ = {
			isa = XCConfigurationList;
			buildConfigurations = (
				9405701B185E5EAF00EB94BA /* Debug */,
				9405701C185E5EAF00EB94BA /* Release */,
			);
			defaultConfigurationIsVisible = 0;
			defaultConfigurationName = Release;
		};
		9405701D185E5EAF00EB94BA /* Build configuration list for PBXNativeTarget "EZAudioOpenGLWaveformExample" */ = {
			isa = XCConfigurationList;
			buildConfigurations = (
				9405701E185E5EAF00EB94BA /* Debug */,
				9405701F185E5EAF00EB94BA /* Release */,
			);
			defaultConfigurationIsVisible = 0;
			defaultConfigurationName = Release;
		};
/* End XCConfigurationList section */
	};
	rootObject = 94056FE0185E5EAF00EB94BA /* Project object */;
}
